PODS:
  - AmplitudeSwift (0.4.4)
  - Sentry (8.7.3):
    - Sentry/Core (= 8.7.3)
    - SentryPrivate (= 8.7.3)
  - Sentry/Core (8.7.3):
    - SentryPrivate (= 8.7.3)
  - SentryPrivate (8.7.3)

DEPENDENCIES:
  - AmplitudeSwift (~> 0.4.4)
  - Sentry (from `https://github.com/getsentry/sentry-cocoa.git`, tag `8.7.3`)

SPEC REPOS:
  trunk:
    - AmplitudeSwift
    - SentryPrivate

EXTERNAL SOURCES:
  Sentry:
    :git: https://github.com/getsentry/sentry-cocoa.git
    :tag: 8.7.3

CHECKOUT OPTIONS:
  Sentry:
    :git: https://github.com/getsentry/sentry-cocoa.git
    :tag: 8.7.3

SPEC CHECKSUMS:
  AmplitudeSwift: 3892296b9c9861bafa3df6c4e5d3e0c456d35fc1
  Sentry: c7a86f43510a7d5678d4de28d78c28ab351d295b
  SentryPrivate: 2eaabf598a46d4b9b8822aef766df2a84caf2e6f

PODFILE CHECKSUM: 47ce9e0565da5a1dfd55e8d98cdf92ca981466f3

COCOAPODS: 1.12.1
