// !$*UTF8*$!
{
	archiveVersion = 1;
	classes = {
	};
	objectVersion = 56;
	objects = {

/* Begin PBXBuildFile section */
		2D0A72A02B13AADB00C1B561 /* Memory.swift in Sources */ = {isa = PBXBuildFile; fileRef = 2D85D72A2B0685350006C9F0 /* Memory.swift */; };
		2D0A72A12B13AADB00C1B561 /* MemoryViewModel.swift in Sources */ = {isa = PBXBuildFile; fileRef = 2D5EAEE32A1D51B400FB9C33 /* MemoryViewModel.swift */; };
		2D0A72A22B13AADB00C1B561 /* FakeBehaviour.swift in Sources */ = {isa = PBXBuildFile; fileRef = 2D3DBEEB2A6C086C00B2685B /* FakeBehaviour.swift */; };
		2D0A72A32B13AADB00C1B561 /* ActivityError.swift in Sources */ = {isa = PBXBuildFile; fileRef = 2D3DBEED2A6C17BD00B2685B /* ActivityError.swift */; };
		2D0A72A52B13AADB00C1B561 /* APIError.swift in Sources */ = {isa = PBXBuildFile; fileRef = 2D3DBEEF2A6C188000B2685B /* APIError.swift */; };
		2D0A72A62B13AADB00C1B561 /* ActivityType.swift in Sources */ = {isa = PBXBuildFile; fileRef = E4101AD22A6FA767000E2B31 /* ActivityType.swift */; };
		2D0A72A72B13AADB00C1B561 /* DateFormatter.swift in Sources */ = {isa = PBXBuildFile; fileRef = 2D7C61E02A1D5D3B0050AAB0 /* DateFormatter.swift */; };
		2D0A72A82B13AADB00C1B561 /* Activity.swift in Sources */ = {isa = PBXBuildFile; fileRef = E42106BF2A0ECB6900187A74 /* Activity.swift */; };
		2D0A72A92B13AADB00C1B561 /* Athlete.swift in Sources */ = {isa = PBXBuildFile; fileRef = 2D7C61DC2A1D59040050AAB0 /* Athlete.swift */; };
		2D0A72AA2B13AAEA00C1B561 /* Athlete.swift in Sources */ = {isa = PBXBuildFile; fileRef = 2D7C61DC2A1D59040050AAB0 /* Athlete.swift */; };
		2D0A72AB2B13AAED00C1B561 /* Activity.swift in Sources */ = {isa = PBXBuildFile; fileRef = E42106BF2A0ECB6900187A74 /* Activity.swift */; };
		2D0A72AE2B13AAF400C1B561 /* DateFormatter.swift in Sources */ = {isa = PBXBuildFile; fileRef = 2D7C61E02A1D5D3B0050AAB0 /* DateFormatter.swift */; };
		2D0A72AF2B13AAF600C1B561 /* FakeBehaviour.swift in Sources */ = {isa = PBXBuildFile; fileRef = 2D3DBEEB2A6C086C00B2685B /* FakeBehaviour.swift */; };
		2D0A72B02B13AAF900C1B561 /* ActivityError.swift in Sources */ = {isa = PBXBuildFile; fileRef = 2D3DBEED2A6C17BD00B2685B /* ActivityError.swift */; };
		2D0A72B12B13AAFB00C1B561 /* APIError.swift in Sources */ = {isa = PBXBuildFile; fileRef = 2D3DBEEF2A6C188000B2685B /* APIError.swift */; };
		2D0A72B22B13AAFD00C1B561 /* ActivityType.swift in Sources */ = {isa = PBXBuildFile; fileRef = E4101AD22A6FA767000E2B31 /* ActivityType.swift */; };
		2D0A72B32B13AB0000C1B561 /* Memory.swift in Sources */ = {isa = PBXBuildFile; fileRef = 2D85D72A2B0685350006C9F0 /* Memory.swift */; };
		2D0A72B52B13AB5200C1B561 /* PostHog in Frameworks */ = {isa = PBXBuildFile; productRef = 2D0A72B42B13AB5200C1B561 /* PostHog */; };
		2D0A72B72B13AB5B00C1B561 /* Sentry in Frameworks */ = {isa = PBXBuildFile; productRef = 2D0A72B62B13AB5B00C1B561 /* Sentry */; };
		2D0A72B92B13AB6800C1B561 /* Sentry in Frameworks */ = {isa = PBXBuildFile; productRef = 2D0A72B82B13AB6800C1B561 /* Sentry */; };
		2D0A72BB2B13AB6D00C1B561 /* PostHog in Frameworks */ = {isa = PBXBuildFile; productRef = 2D0A72BA2B13AB6D00C1B561 /* PostHog */; };
		2D3779172A1EB90800629BE3 /* MemoriesWidgetExtension.appex in Embed Foundation Extensions */ = {isa = PBXBuildFile; fileRef = E48E097F2A05BF98002456E5 /* MemoriesWidgetExtension.appex */; settings = {ATTRIBUTES = (RemoveHeadersOnCopy, ); }; };
		2D3874E52B12232300B2E7B6 /* ShareView.swift in Sources */ = {isa = PBXBuildFile; fileRef = 2D3874E42B12232300B2E7B6 /* ShareView.swift */; };
		2D3874E72B1228C900B2E7B6 /* Deeplink.swift in Sources */ = {isa = PBXBuildFile; fileRef = 2D3874E62B1228C900B2E7B6 /* Deeplink.swift */; };
		2D3874E82B1228C900B2E7B6 /* Deeplink.swift in Sources */ = {isa = PBXBuildFile; fileRef = 2D3874E62B1228C900B2E7B6 /* Deeplink.swift */; };
		2D3BB7212A629D58003EF280 /* Crisp in Frameworks */ = {isa = PBXBuildFile; productRef = 2D3BB7202A629D58003EF280 /* Crisp */; };
		2D3BB72A2A6338D3003EF280 /* Localizable.strings in Resources */ = {isa = PBXBuildFile; fileRef = 2D3BB72E2A6338D3003EF280 /* Localizable.strings */; };
		2D3BB72B2A6338D3003EF280 /* Localizable.strings in Resources */ = {isa = PBXBuildFile; fileRef = 2D3BB72E2A6338D3003EF280 /* Localizable.strings */; };
		2D4211402B10E97E0085AA78 /* ShareBadgeView.swift in Sources */ = {isa = PBXBuildFile; fileRef = 2D42113F2B10E97E0085AA78 /* ShareBadgeView.swift */; };
		2D4211412B10E9D30085AA78 /* ShareBadgeView.swift in Sources */ = {isa = PBXBuildFile; fileRef = 2D42113F2B10E97E0085AA78 /* ShareBadgeView.swift */; };
		2D4211432B10EC3D0085AA78 /* BadgeView.swift in Sources */ = {isa = PBXBuildFile; fileRef = 2D4211422B10EC3D0085AA78 /* BadgeView.swift */; };
		2D4211442B10EC3D0085AA78 /* BadgeView.swift in Sources */ = {isa = PBXBuildFile; fileRef = 2D4211422B10EC3D0085AA78 /* BadgeView.swift */; };
		2D4211452B10EDEB0085AA78 /* XYearsAgoBadgeView.swift in Sources */ = {isa = PBXBuildFile; fileRef = 2D85D72C2B07996B0006C9F0 /* XYearsAgoBadgeView.swift */; };
		2D4211462B10EDEB0085AA78 /* XYearsAgoBadgeView.swift in Sources */ = {isa = PBXBuildFile; fileRef = 2D85D72C2B07996B0006C9F0 /* XYearsAgoBadgeView.swift */; };
		2D52A02C2B15CB2900B6316D /* Assets.xcassets in Resources */ = {isa = PBXBuildFile; fileRef = 2DE590922A052D8B0041EA4D /* Assets.xcassets */; };
		2D52A02E2B15D13D00B6316D /* WidgetSharingManager.swift in Sources */ = {isa = PBXBuildFile; fileRef = 2D52A02D2B15D13D00B6316D /* WidgetSharingManager.swift */; };
		2D6064642B0FA8C50049D42C /* SettingsView.swift in Sources */ = {isa = PBXBuildFile; fileRef = 2D6064632B0FA8C50049D42C /* SettingsView.swift */; };
		2D7C9D392B14A9DC005B76EF /* Date.swift in Sources */ = {isa = PBXBuildFile; fileRef = 2D7C9D382B14A9DC005B76EF /* Date.swift */; };
		2D7C9D3A2B14A9DC005B76EF /* Date.swift in Sources */ = {isa = PBXBuildFile; fileRef = 2D7C9D382B14A9DC005B76EF /* Date.swift */; };
		2D7C9D412B14FA43005B76EF /* Color.swift in Sources */ = {isa = PBXBuildFile; fileRef = 2D7C9D402B14FA43005B76EF /* Color.swift */; };
		2D7C9D422B14FA43005B76EF /* Color.swift in Sources */ = {isa = PBXBuildFile; fileRef = 2D7C9D402B14FA43005B76EF /* Color.swift */; };
		2D906C672B18E9B30039A547 /* ScreenManager.swift in Sources */ = {isa = PBXBuildFile; fileRef = 2D906C662B18E9B30039A547 /* ScreenManager.swift */; };
		2D906C692B18ED8F0039A547 /* GenericError.swift in Sources */ = {isa = PBXBuildFile; fileRef = 2D906C682B18ED8F0039A547 /* GenericError.swift */; };
		2D906C6A2B18ED8F0039A547 /* GenericError.swift in Sources */ = {isa = PBXBuildFile; fileRef = 2D906C682B18ED8F0039A547 /* GenericError.swift */; };
		2D906C6C2B19C11C0039A547 /* LoginService.swift in Sources */ = {isa = PBXBuildFile; fileRef = 2D906C6B2B19C11C0039A547 /* LoginService.swift */; };
		2D906C6E2B19C1430039A547 /* Login.swift in Sources */ = {isa = PBXBuildFile; fileRef = 2D906C6D2B19C1430039A547 /* Login.swift */; };
		2DAB2A632B13AD4700C45C09 /* MemoryTimelineEntry.swift in Sources */ = {isa = PBXBuildFile; fileRef = 2DAB2A622B13AD4700C45C09 /* MemoryTimelineEntry.swift */; };
		2DAB2A652B13AD7900C45C09 /* MemoryTimelineProvider.swift in Sources */ = {isa = PBXBuildFile; fileRef = 2DAB2A642B13AD7900C45C09 /* MemoryTimelineProvider.swift */; };
		2DAB2A6E2B13B0D300C45C09 /* MemoryViewModel.swift in Sources */ = {isa = PBXBuildFile; fileRef = 2D5EAEE32A1D51B400FB9C33 /* MemoryViewModel.swift */; };
		2DCAC7A42A208FE7007A11F9 /* Config.swift in Sources */ = {isa = PBXBuildFile; fileRef = 2DCAC7A32A208FE7007A11F9 /* Config.swift */; };
		2DCAC7A52A208FE7007A11F9 /* Config.swift in Sources */ = {isa = PBXBuildFile; fileRef = 2DCAC7A32A208FE7007A11F9 /* Config.swift */; };
		2DCC1B262B16152600E8B735 /* EmailFormView.swift in Sources */ = {isa = PBXBuildFile; fileRef = 2DCC1B252B16152600E8B735 /* EmailFormView.swift */; };
		2DCD120E2B18D06800B2BFFD /* AuthManager.swift in Sources */ = {isa = PBXBuildFile; fileRef = 2DCD120D2B18D06800B2BFFD /* AuthManager.swift */; };
		2DCD120F2B18D06800B2BFFD /* AuthManager.swift in Sources */ = {isa = PBXBuildFile; fileRef = 2DCD120D2B18D06800B2BFFD /* AuthManager.swift */; };
		2DE590932A052D8B0041EA4D /* Assets.xcassets in Resources */ = {isa = PBXBuildFile; fileRef = 2DE590922A052D8B0041EA4D /* Assets.xcassets */; };
		2DE590962A052D8B0041EA4D /* Preview Assets.xcassets in Resources */ = {isa = PBXBuildFile; fileRef = 2DE590952A052D8B0041EA4D /* Preview Assets.xcassets */; };
		2DE590BF2A053D9C0041EA4D /* StravaLoginView.swift in Sources */ = {isa = PBXBuildFile; fileRef = 2DE590BD2A053D9C0041EA4D /* StravaLoginView.swift */; };
		E402A3822A05D3A400C2F3B0 /* Helper.swift in Sources */ = {isa = PBXBuildFile; fileRef = E402A3812A05D3A400C2F3B0 /* Helper.swift */; };
		E402A3832A05D46800C2F3B0 /* Helper.swift in Sources */ = {isa = PBXBuildFile; fileRef = E402A3812A05D3A400C2F3B0 /* Helper.swift */; };
		E4604FC32A05C6D100D838DF /* MemoriesWidgetView.swift in Sources */ = {isa = PBXBuildFile; fileRef = E4604FC22A05C6D100D838DF /* MemoriesWidgetView.swift */; };
		E4604FC42A05C98800D838DF /* MemoriesWidgetView.swift in Sources */ = {isa = PBXBuildFile; fileRef = E4604FC22A05C6D100D838DF /* MemoriesWidgetView.swift */; };
		E468D3FD2A0663E50017070A /* Analytics.swift in Sources */ = {isa = PBXBuildFile; fileRef = E468D3FC2A0663E50017070A /* Analytics.swift */; };
		E46FD4B52A0EA308000396EA /* WebView.swift in Sources */ = {isa = PBXBuildFile; fileRef = E46FD4B42A0EA308000396EA /* WebView.swift */; };
		E48E09822A05BF98002456E5 /* WidgetKit.framework in Frameworks */ = {isa = PBXBuildFile; fileRef = E48E09812A05BF98002456E5 /* WidgetKit.framework */; };
		E48E09842A05BF98002456E5 /* SwiftUI.framework in Frameworks */ = {isa = PBXBuildFile; fileRef = E48E09832A05BF98002456E5 /* SwiftUI.framework */; };
		E48E09872A05BF98002456E5 /* MemoriesWidgetBundle.swift in Sources */ = {isa = PBXBuildFile; fileRef = E48E09862A05BF98002456E5 /* MemoriesWidgetBundle.swift */; };
		E48E09892A05BF98002456E5 /* MemoriesWidget.swift in Sources */ = {isa = PBXBuildFile; fileRef = E48E09882A05BF98002456E5 /* MemoriesWidget.swift */; };
		E48E098B2A05BF99002456E5 /* Assets.xcassets in Resources */ = {isa = PBXBuildFile; fileRef = E48E098A2A05BF99002456E5 /* Assets.xcassets */; };
		E48E099B2A05C2E6002456E5 /* MemoriesApp.swift in Sources */ = {isa = PBXBuildFile; fileRef = 2DE5908E2A052D890041EA4D /* MemoriesApp.swift */; };
		E4A397112A616485009A2E6F /* Analytics.swift in Sources */ = {isa = PBXBuildFile; fileRef = E468D3FC2A0663E50017070A /* Analytics.swift */; };
		E4E501B92A0E9A00009D4993 /* MemoriesHomeView.swift in Sources */ = {isa = PBXBuildFile; fileRef = E4E501B82A0E9A00009D4993 /* MemoriesHomeView.swift */; };
		E4F69BA52A293FF80022868A /* ConfettiSwiftUI in Frameworks */ = {isa = PBXBuildFile; productRef = E4F69BA42A293FF80022868A /* ConfettiSwiftUI */; };
/* End PBXBuildFile section */

/* Begin PBXContainerItemProxy section */
		2D3779182A1EB90800629BE3 /* PBXContainerItemProxy */ = {
			isa = PBXContainerItemProxy;
			containerPortal = 2DE590832A052D890041EA4D /* Project object */;
			proxyType = 1;
			remoteGlobalIDString = E48E097E2A05BF98002456E5;
			remoteInfo = MemoriesWidgetExtension;
		};
/* End PBXContainerItemProxy section */

/* Begin PBXCopyFilesBuildPhase section */
		2D37791A2A1EB90800629BE3 /* Embed Foundation Extensions */ = {
			isa = PBXCopyFilesBuildPhase;
			buildActionMask = 2147483647;
			dstPath = "";
			dstSubfolderSpec = 13;
			files = (
				2D3779172A1EB90800629BE3 /* MemoriesWidgetExtension.appex in Embed Foundation Extensions */,
			);
			name = "Embed Foundation Extensions";
			runOnlyForDeploymentPostprocessing = 0;
		};
		E42106BB2A0ECB5300187A74 /* Embed Frameworks */ = {
			isa = PBXCopyFilesBuildPhase;
			buildActionMask = 2147483647;
			dstPath = "";
			dstSubfolderSpec = 10;
			files = (
			);
			name = "Embed Frameworks";
			runOnlyForDeploymentPostprocessing = 0;
		};
/* End PBXCopyFilesBuildPhase section */

/* Begin PBXFileReference section */
		2D3874E42B12232300B2E7B6 /* ShareView.swift */ = {isa = PBXFileReference; lastKnownFileType = sourcecode.swift; path = ShareView.swift; sourceTree = "<group>"; };
		2D3874E62B1228C900B2E7B6 /* Deeplink.swift */ = {isa = PBXFileReference; lastKnownFileType = sourcecode.swift; path = Deeplink.swift; sourceTree = "<group>"; };
		2D3BB72D2A6338D3003EF280 /* en */ = {isa = PBXFileReference; lastKnownFileType = text.plist.strings; name = en; path = en.lproj/Localizable.strings; sourceTree = "<group>"; };
		2D3BB72F2A6338E8003EF280 /* fr */ = {isa = PBXFileReference; lastKnownFileType = text.plist.strings; name = fr; path = fr.lproj/Localizable.strings; sourceTree = "<group>"; };
		2D3DBEEB2A6C086C00B2685B /* FakeBehaviour.swift */ = {isa = PBXFileReference; lastKnownFileType = sourcecode.swift; path = FakeBehaviour.swift; sourceTree = "<group>"; };
		2D3DBEED2A6C17BD00B2685B /* ActivityError.swift */ = {isa = PBXFileReference; lastKnownFileType = sourcecode.swift; path = ActivityError.swift; sourceTree = "<group>"; };
		2D3DBEEF2A6C188000B2685B /* APIError.swift */ = {isa = PBXFileReference; lastKnownFileType = sourcecode.swift; path = APIError.swift; sourceTree = "<group>"; };
		2D42113F2B10E97E0085AA78 /* ShareBadgeView.swift */ = {isa = PBXFileReference; lastKnownFileType = sourcecode.swift; path = ShareBadgeView.swift; sourceTree = "<group>"; };
		2D4211422B10EC3D0085AA78 /* BadgeView.swift */ = {isa = PBXFileReference; lastKnownFileType = sourcecode.swift; path = BadgeView.swift; sourceTree = "<group>"; };
		2D5271682A6FDD5900989AE8 /* ci_post_xcodebuild.sh */ = {isa = PBXFileReference; lastKnownFileType = text.script.sh; path = ci_post_xcodebuild.sh; sourceTree = "<group>"; };
		2D52A02D2B15D13D00B6316D /* WidgetSharingManager.swift */ = {isa = PBXFileReference; lastKnownFileType = sourcecode.swift; path = WidgetSharingManager.swift; sourceTree = "<group>"; };
		2D5EAEE32A1D51B400FB9C33 /* MemoryViewModel.swift */ = {isa = PBXFileReference; lastKnownFileType = sourcecode.swift; path = MemoryViewModel.swift; sourceTree = "<group>"; };
		2D6064632B0FA8C50049D42C /* SettingsView.swift */ = {isa = PBXFileReference; lastKnownFileType = sourcecode.swift; path = SettingsView.swift; sourceTree = "<group>"; };
		2D7C61DC2A1D59040050AAB0 /* Athlete.swift */ = {isa = PBXFileReference; lastKnownFileType = sourcecode.swift; path = Athlete.swift; sourceTree = "<group>"; };
		2D7C61E02A1D5D3B0050AAB0 /* DateFormatter.swift */ = {isa = PBXFileReference; lastKnownFileType = sourcecode.swift; path = DateFormatter.swift; sourceTree = "<group>"; };
		2D7C9D382B14A9DC005B76EF /* Date.swift */ = {isa = PBXFileReference; lastKnownFileType = sourcecode.swift; path = Date.swift; sourceTree = "<group>"; };
		2D7C9D402B14FA43005B76EF /* Color.swift */ = {isa = PBXFileReference; lastKnownFileType = sourcecode.swift; path = Color.swift; sourceTree = "<group>"; };
		2D85D72A2B0685350006C9F0 /* Memory.swift */ = {isa = PBXFileReference; lastKnownFileType = sourcecode.swift; path = Memory.swift; sourceTree = "<group>"; };
		2D85D72C2B07996B0006C9F0 /* XYearsAgoBadgeView.swift */ = {isa = PBXFileReference; lastKnownFileType = sourcecode.swift; path = XYearsAgoBadgeView.swift; sourceTree = "<group>"; };
		2D906C662B18E9B30039A547 /* ScreenManager.swift */ = {isa = PBXFileReference; lastKnownFileType = sourcecode.swift; path = ScreenManager.swift; sourceTree = "<group>"; };
		2D906C682B18ED8F0039A547 /* GenericError.swift */ = {isa = PBXFileReference; lastKnownFileType = sourcecode.swift; path = GenericError.swift; sourceTree = "<group>"; };
		2D906C6B2B19C11C0039A547 /* LoginService.swift */ = {isa = PBXFileReference; lastKnownFileType = sourcecode.swift; path = LoginService.swift; sourceTree = "<group>"; };
		2D906C6D2B19C1430039A547 /* Login.swift */ = {isa = PBXFileReference; lastKnownFileType = sourcecode.swift; path = Login.swift; sourceTree = "<group>"; };
		2DAB2A622B13AD4700C45C09 /* MemoryTimelineEntry.swift */ = {isa = PBXFileReference; lastKnownFileType = sourcecode.swift; path = MemoryTimelineEntry.swift; sourceTree = "<group>"; };
		2DAB2A642B13AD7900C45C09 /* MemoryTimelineProvider.swift */ = {isa = PBXFileReference; lastKnownFileType = sourcecode.swift; path = MemoryTimelineProvider.swift; sourceTree = "<group>"; };
		2DCAC7A12A208D93007A11F9 /* dev.xcconfig */ = {isa = PBXFileReference; lastKnownFileType = text.xcconfig; path = dev.xcconfig; sourceTree = "<group>"; };
		2DCAC7A22A208DA2007A11F9 /* prod.xcconfig */ = {isa = PBXFileReference; lastKnownFileType = text.xcconfig; path = prod.xcconfig; sourceTree = "<group>"; };
		2DCAC7A32A208FE7007A11F9 /* Config.swift */ = {isa = PBXFileReference; lastKnownFileType = sourcecode.swift; path = Config.swift; sourceTree = "<group>"; };
		2DCC1B252B16152600E8B735 /* EmailFormView.swift */ = {isa = PBXFileReference; lastKnownFileType = sourcecode.swift; path = EmailFormView.swift; sourceTree = "<group>"; };
		2DCD120D2B18D06800B2BFFD /* AuthManager.swift */ = {isa = PBXFileReference; lastKnownFileType = sourcecode.swift; path = AuthManager.swift; sourceTree = "<group>"; };
		2DE5908B2A052D890041EA4D /* Memories.app */ = {isa = PBXFileReference; explicitFileType = wrapper.application; includeInIndex = 0; path = Memories.app; sourceTree = BUILT_PRODUCTS_DIR; };
		2DE5908E2A052D890041EA4D /* MemoriesApp.swift */ = {isa = PBXFileReference; lastKnownFileType = sourcecode.swift; path = MemoriesApp.swift; sourceTree = "<group>"; };
		2DE590922A052D8B0041EA4D /* Assets.xcassets */ = {isa = PBXFileReference; lastKnownFileType = folder.assetcatalog; path = Assets.xcassets; sourceTree = "<group>"; };
		2DE590952A052D8B0041EA4D /* Preview Assets.xcassets */ = {isa = PBXFileReference; lastKnownFileType = folder.assetcatalog; path = "Preview Assets.xcassets"; sourceTree = "<group>"; };
		2DE5909F2A052D8C0041EA4D /* MemoriesTests.swift */ = {isa = PBXFileReference; lastKnownFileType = sourcecode.swift; path = MemoriesTests.swift; sourceTree = "<group>"; };
		2DE590A92A052D8C0041EA4D /* MemoriesUITests.swift */ = {isa = PBXFileReference; lastKnownFileType = sourcecode.swift; path = MemoriesUITests.swift; sourceTree = "<group>"; };
		2DE590AB2A052D8C0041EA4D /* MemoriesUITestsLaunchTests.swift */ = {isa = PBXFileReference; lastKnownFileType = sourcecode.swift; path = MemoriesUITestsLaunchTests.swift; sourceTree = "<group>"; };
		2DE590BB2A053D710041EA4D /* Info.plist */ = {isa = PBXFileReference; lastKnownFileType = text.plist.xml; path = Info.plist; sourceTree = "<group>"; };
		2DE590BD2A053D9C0041EA4D /* StravaLoginView.swift */ = {isa = PBXFileReference; fileEncoding = 4; lastKnownFileType = sourcecode.swift; path = StravaLoginView.swift; sourceTree = "<group>"; };
		E402A37D2A05D27F00C2F3B0 /* Memories.entitlements */ = {isa = PBXFileReference; lastKnownFileType = text.plist.entitlements; path = Memories.entitlements; sourceTree = "<group>"; };
		E402A3802A05D30300C2F3B0 /* MemoriesWidgetExtension.entitlements */ = {isa = PBXFileReference; lastKnownFileType = text.plist.entitlements; path = MemoriesWidgetExtension.entitlements; sourceTree = "<group>"; };
		E402A3812A05D3A400C2F3B0 /* Helper.swift */ = {isa = PBXFileReference; lastKnownFileType = sourcecode.swift; path = Helper.swift; sourceTree = "<group>"; };
		E4101AD22A6FA767000E2B31 /* ActivityType.swift */ = {isa = PBXFileReference; lastKnownFileType = sourcecode.swift; path = ActivityType.swift; sourceTree = "<group>"; };
		E42106BF2A0ECB6900187A74 /* Activity.swift */ = {isa = PBXFileReference; lastKnownFileType = sourcecode.swift; path = Activity.swift; sourceTree = "<group>"; };
		E4604FC22A05C6D100D838DF /* MemoriesWidgetView.swift */ = {isa = PBXFileReference; lastKnownFileType = sourcecode.swift; path = MemoriesWidgetView.swift; sourceTree = "<group>"; };
		E468D3FC2A0663E50017070A /* Analytics.swift */ = {isa = PBXFileReference; lastKnownFileType = sourcecode.swift; path = Analytics.swift; sourceTree = "<group>"; };
		E46FD4B42A0EA308000396EA /* WebView.swift */ = {isa = PBXFileReference; lastKnownFileType = sourcecode.swift; path = WebView.swift; sourceTree = "<group>"; };
		E48E097F2A05BF98002456E5 /* MemoriesWidgetExtension.appex */ = {isa = PBXFileReference; explicitFileType = "wrapper.app-extension"; includeInIndex = 0; path = MemoriesWidgetExtension.appex; sourceTree = BUILT_PRODUCTS_DIR; };
		E48E09812A05BF98002456E5 /* WidgetKit.framework */ = {isa = PBXFileReference; lastKnownFileType = wrapper.framework; name = WidgetKit.framework; path = System/Library/Frameworks/WidgetKit.framework; sourceTree = SDKROOT; };
		E48E09832A05BF98002456E5 /* SwiftUI.framework */ = {isa = PBXFileReference; lastKnownFileType = wrapper.framework; name = SwiftUI.framework; path = System/Library/Frameworks/SwiftUI.framework; sourceTree = SDKROOT; };
		E48E09862A05BF98002456E5 /* MemoriesWidgetBundle.swift */ = {isa = PBXFileReference; lastKnownFileType = sourcecode.swift; path = MemoriesWidgetBundle.swift; sourceTree = "<group>"; };
		E48E09882A05BF98002456E5 /* MemoriesWidget.swift */ = {isa = PBXFileReference; lastKnownFileType = sourcecode.swift; path = MemoriesWidget.swift; sourceTree = "<group>"; };
		E48E098A2A05BF99002456E5 /* Assets.xcassets */ = {isa = PBXFileReference; lastKnownFileType = folder.assetcatalog; path = Assets.xcassets; sourceTree = "<group>"; };
		E48E098C2A05BF99002456E5 /* Info.plist */ = {isa = PBXFileReference; lastKnownFileType = text.plist.xml; path = Info.plist; sourceTree = "<group>"; };
		E4E501B82A0E9A00009D4993 /* MemoriesHomeView.swift */ = {isa = PBXFileReference; lastKnownFileType = sourcecode.swift; path = MemoriesHomeView.swift; sourceTree = "<group>"; };
/* End PBXFileReference section */

/* Begin PBXFrameworksBuildPhase section */
		2DE590882A052D890041EA4D /* Frameworks */ = {
			isa = PBXFrameworksBuildPhase;
			buildActionMask = 2147483647;
			files = (
				2D0A72B52B13AB5200C1B561 /* PostHog in Frameworks */,
				E4F69BA52A293FF80022868A /* ConfettiSwiftUI in Frameworks */,
				2D3BB7212A629D58003EF280 /* Crisp in Frameworks */,
				2D0A72B72B13AB5B00C1B561 /* Sentry in Frameworks */,
			);
			runOnlyForDeploymentPostprocessing = 0;
		};
		E48E097C2A05BF98002456E5 /* Frameworks */ = {
			isa = PBXFrameworksBuildPhase;
			buildActionMask = 2147483647;
			files = (
				E48E09842A05BF98002456E5 /* SwiftUI.framework in Frameworks */,
				E48E09822A05BF98002456E5 /* WidgetKit.framework in Frameworks */,
				2D0A72B92B13AB6800C1B561 /* Sentry in Frameworks */,
				2D0A72BB2B13AB6D00C1B561 /* PostHog in Frameworks */,
			);
			runOnlyForDeploymentPostprocessing = 0;
		};
/* End PBXFrameworksBuildPhase section */

/* Begin PBXGroup section */
		2D5271672A6FDD5900989AE8 /* ci_scripts */ = {
			isa = PBXGroup;
			children = (
				2D5271682A6FDD5900989AE8 /* ci_post_xcodebuild.sh */,
			);
			path = ci_scripts;
			sourceTree = "<group>";
		};
		2DAB2A662B13AE8B00C45C09 /* Models */ = {
			isa = PBXGroup;
			children = (
				2D7C61DC2A1D59040050AAB0 /* Athlete.swift */,
				E42106BF2A0ECB6900187A74 /* Activity.swift */,
				E4101AD22A6FA767000E2B31 /* ActivityType.swift */,
				2D85D72A2B0685350006C9F0 /* Memory.swift */,
				2D906C682B18ED8F0039A547 /* GenericError.swift */,
				2D906C6D2B19C1430039A547 /* Login.swift */,
			);
			path = Models;
			sourceTree = "<group>";
		};
		2DAB2A672B13AEE500C45C09 /* Login */ = {
			isa = PBXGroup;
			children = (
				2DE590BD2A053D9C0041EA4D /* StravaLoginView.swift */,
				2D906C6B2B19C11C0039A547 /* LoginService.swift */,
			);
			path = Login;
			sourceTree = "<group>";
		};
		2DAB2A682B13AF3C00C45C09 /* Home */ = {
			isa = PBXGroup;
			children = (
				E4E501B82A0E9A00009D4993 /* MemoriesHomeView.swift */,
				2D3874E42B12232300B2E7B6 /* ShareView.swift */,
				2D6064632B0FA8C50049D42C /* SettingsView.swift */,
				2D5EAEE32A1D51B400FB9C33 /* MemoryViewModel.swift */,
			);
			path = Home;
			sourceTree = "<group>";
		};
		2DAB2A692B13AF8900C45C09 /* Widget */ = {
			isa = PBXGroup;
			children = (
				E4604FC22A05C6D100D838DF /* MemoriesWidgetView.swift */,
				2D52A02D2B15D13D00B6316D /* WidgetSharingManager.swift */,
				2DAB2A6D2B13B07300C45C09 /* Badges */,
			);
			path = Widget;
			sourceTree = "<group>";
		};
		2DAB2A6A2B13AFCE00C45C09 /* Network */ = {
			isa = PBXGroup;
			children = (
				2D3DBEEF2A6C188000B2685B /* APIError.swift */,
				2D3DBEED2A6C17BD00B2685B /* ActivityError.swift */,
				2D3DBEEB2A6C086C00B2685B /* FakeBehaviour.swift */,
			);
			path = Network;
			sourceTree = "<group>";
		};
		2DAB2A6B2B13B00000C45C09 /* BaseViews */ = {
			isa = PBXGroup;
			children = (
				E46FD4B42A0EA308000396EA /* WebView.swift */,
			);
			path = BaseViews;
			sourceTree = "<group>";
		};
		2DAB2A6C2B13B01400C45C09 /* Extensions */ = {
			isa = PBXGroup;
			children = (
				2D7C61E02A1D5D3B0050AAB0 /* DateFormatter.swift */,
				2D7C9D382B14A9DC005B76EF /* Date.swift */,
				2D7C9D402B14FA43005B76EF /* Color.swift */,
			);
			path = Extensions;
			sourceTree = "<group>";
		};
		2DAB2A6D2B13B07300C45C09 /* Badges */ = {
			isa = PBXGroup;
			children = (
				2D4211422B10EC3D0085AA78 /* BadgeView.swift */,
				2D42113F2B10E97E0085AA78 /* ShareBadgeView.swift */,
				2D85D72C2B07996B0006C9F0 /* XYearsAgoBadgeView.swift */,
			);
			path = Badges;
			sourceTree = "<group>";
		};
		2DAB2A702B13B10100C45C09 /* Screens */ = {
			isa = PBXGroup;
			children = (
				2D906C662B18E9B30039A547 /* ScreenManager.swift */,
				2DAB2A672B13AEE500C45C09 /* Login */,
				2DCC1B242B16149600E8B735 /* EmailForm */,
				2DAB2A682B13AF3C00C45C09 /* Home */,
				2DAB2A692B13AF8900C45C09 /* Widget */,
			);
			path = Screens;
			sourceTree = "<group>";
		};
		2DCC1B242B16149600E8B735 /* EmailForm */ = {
			isa = PBXGroup;
			children = (
				2DCC1B252B16152600E8B735 /* EmailFormView.swift */,
			);
			path = EmailForm;
			sourceTree = "<group>";
		};
		2DE590822A052D890041EA4D = {
			isa = PBXGroup;
			children = (
				2DCAC7A12A208D93007A11F9 /* dev.xcconfig */,
				2DCAC7A22A208DA2007A11F9 /* prod.xcconfig */,
				2D3BB72E2A6338D3003EF280 /* Localizable.strings */,
				2DE5908D2A052D890041EA4D /* Memories */,
				E48E09852A05BF98002456E5 /* MemoriesWidget */,
				2DE5909E2A052D8C0041EA4D /* MemoriesTests */,
				2DE590A82A052D8C0041EA4D /* MemoriesUITests */,
				E48E09802A05BF98002456E5 /* Frameworks */,
				2D5271672A6FDD5900989AE8 /* ci_scripts */,
				2DE5908C2A052D890041EA4D /* Products */,
			);
			sourceTree = "<group>";
		};
		2DE5908C2A052D890041EA4D /* Products */ = {
			isa = PBXGroup;
			children = (
				2DE5908B2A052D890041EA4D /* Memories.app */,
				E48E097F2A05BF98002456E5 /* MemoriesWidgetExtension.appex */,
			);
			name = Products;
			sourceTree = "<group>";
		};
		2DE5908D2A052D890041EA4D /* Memories */ = {
			isa = PBXGroup;
			children = (
				E402A37D2A05D27F00C2F3B0 /* Memories.entitlements */,
				2DE5908E2A052D890041EA4D /* MemoriesApp.swift */,
				2DAB2A702B13B10100C45C09 /* Screens */,
				2DAB2A662B13AE8B00C45C09 /* Models */,
				2DAB2A6A2B13AFCE00C45C09 /* Network */,
				2DAB2A6B2B13B00000C45C09 /* BaseViews */,
				2DAB2A6C2B13B01400C45C09 /* Extensions */,
				2DCAC7A32A208FE7007A11F9 /* Config.swift */,
				E402A3812A05D3A400C2F3B0 /* Helper.swift */,
				E468D3FC2A0663E50017070A /* Analytics.swift */,
				2D3874E62B1228C900B2E7B6 /* Deeplink.swift */,
				2DCD120D2B18D06800B2BFFD /* AuthManager.swift */,
				2DE590BB2A053D710041EA4D /* Info.plist */,
				2DE590922A052D8B0041EA4D /* Assets.xcassets */,
				2DE590942A052D8B0041EA4D /* Preview Content */,
			);
			path = Memories;
			sourceTree = "<group>";
		};
		2DE590942A052D8B0041EA4D /* Preview Content */ = {
			isa = PBXGroup;
			children = (
				2DE590952A052D8B0041EA4D /* Preview Assets.xcassets */,
			);
			path = "Preview Content";
			sourceTree = "<group>";
		};
		2DE5909E2A052D8C0041EA4D /* MemoriesTests */ = {
			isa = PBXGroup;
			children = (
				2DE5909F2A052D8C0041EA4D /* MemoriesTests.swift */,
			);
			path = MemoriesTests;
			sourceTree = "<group>";
		};
		2DE590A82A052D8C0041EA4D /* MemoriesUITests */ = {
			isa = PBXGroup;
			children = (
				2DE590A92A052D8C0041EA4D /* MemoriesUITests.swift */,
				2DE590AB2A052D8C0041EA4D /* MemoriesUITestsLaunchTests.swift */,
			);
			path = MemoriesUITests;
			sourceTree = "<group>";
		};
		E48E09802A05BF98002456E5 /* Frameworks */ = {
			isa = PBXGroup;
			children = (
				E48E09812A05BF98002456E5 /* WidgetKit.framework */,
				E48E09832A05BF98002456E5 /* SwiftUI.framework */,
			);
			name = Frameworks;
			sourceTree = "<group>";
		};
		E48E09852A05BF98002456E5 /* MemoriesWidget */ = {
			isa = PBXGroup;
			children = (
				E402A3802A05D30300C2F3B0 /* MemoriesWidgetExtension.entitlements */,
				E48E09862A05BF98002456E5 /* MemoriesWidgetBundle.swift */,
				E48E09882A05BF98002456E5 /* MemoriesWidget.swift */,
				2DAB2A622B13AD4700C45C09 /* MemoryTimelineEntry.swift */,
				2DAB2A642B13AD7900C45C09 /* MemoryTimelineProvider.swift */,
				E48E098A2A05BF99002456E5 /* Assets.xcassets */,
				E48E098C2A05BF99002456E5 /* Info.plist */,
			);
			path = MemoriesWidget;
			sourceTree = "<group>";
		};
/* End PBXGroup section */

/* Begin PBXNativeTarget section */
		2DE5908A2A052D890041EA4D /* Memories */ = {
			isa = PBXNativeTarget;
			buildConfigurationList = 2DE590AF2A052D8C0041EA4D /* Build configuration list for PBXNativeTarget "Memories" */;
			buildPhases = (
				2DE590872A052D890041EA4D /* Sources */,
				2DE590882A052D890041EA4D /* Frameworks */,
				2DE590892A052D890041EA4D /* Resources */,
				E42106BB2A0ECB5300187A74 /* Embed Frameworks */,
				2D37791A2A1EB90800629BE3 /* Embed Foundation Extensions */,
			);
			buildRules = (
			);
			dependencies = (
				2D3779192A1EB90800629BE3 /* PBXTargetDependency */,
			);
			name = Memories;
			packageProductDependencies = (
				E4F69BA42A293FF80022868A /* ConfettiSwiftUI */,
				2D3BB7202A629D58003EF280 /* Crisp */,
				2D0A72B42B13AB5200C1B561 /* PostHog */,
				2D0A72B62B13AB5B00C1B561 /* Sentry */,
			);
			productName = Memories;
			productReference = 2DE5908B2A052D890041EA4D /* Memories.app */;
			productType = "com.apple.product-type.application";
		};
		E48E097E2A05BF98002456E5 /* MemoriesWidgetExtension */ = {
			isa = PBXNativeTarget;
			buildConfigurationList = E48E09932A05BF99002456E5 /* Build configuration list for PBXNativeTarget "MemoriesWidgetExtension" */;
			buildPhases = (
				E48E097B2A05BF98002456E5 /* Sources */,
				E48E097C2A05BF98002456E5 /* Frameworks */,
				E48E097D2A05BF98002456E5 /* Resources */,
			);
			buildRules = (
			);
			dependencies = (
			);
			name = MemoriesWidgetExtension;
			packageProductDependencies = (
				2D0A72B82B13AB6800C1B561 /* Sentry */,
				2D0A72BA2B13AB6D00C1B561 /* PostHog */,
			);
			productName = MemoriesWidgetExtension;
			productReference = E48E097F2A05BF98002456E5 /* MemoriesWidgetExtension.appex */;
			productType = "com.apple.product-type.app-extension";
		};
/* End PBXNativeTarget section */

/* Begin PBXProject section */
		2DE590832A052D890041EA4D /* Project object */ = {
			isa = PBXProject;
			attributes = {
				BuildIndependentTargetsInParallel = 1;
				LastSwiftUpdateCheck = 1430;
				LastUpgradeCheck = 1430;
				TargetAttributes = {
					2DE5908A2A052D890041EA4D = {
						CreatedOnToolsVersion = 14.3;
					};
					E48E097E2A05BF98002456E5 = {
						CreatedOnToolsVersion = 14.3;
					};
				};
			};
			buildConfigurationList = 2DE590862A052D890041EA4D /* Build configuration list for PBXProject "Memories" */;
			compatibilityVersion = "Xcode 14.0";
			developmentRegion = en;
			hasScannedForEncodings = 0;
			knownRegions = (
				en,
				Base,
				fr,
			);
			mainGroup = 2DE590822A052D890041EA4D;
			packageReferences = (
				E4F69BA32A293FF80022868A /* XCRemoteSwiftPackageReference "ConfettiSwiftUI" */,
				2D3BB71F2A629D58003EF280 /* XCRemoteSwiftPackageReference "crisp-sdk-ios" */,
				2D7F7A782A6AA98D00C30723 /* XCRemoteSwiftPackageReference "sentry-cocoa" */,
				2D7F7A7B2A6AAA1700C30723 /* XCRemoteSwiftPackageReference "posthog-ios" */,
			);
			productRefGroup = 2DE5908C2A052D890041EA4D /* Products */;
			projectDirPath = "";
			projectRoot = "";
			targets = (
				2DE5908A2A052D890041EA4D /* Memories */,
				E48E097E2A05BF98002456E5 /* MemoriesWidgetExtension */,
			);
		};
/* End PBXProject section */

/* Begin PBXResourcesBuildPhase section */
		2DE590892A052D890041EA4D /* Resources */ = {
			isa = PBXResourcesBuildPhase;
			buildActionMask = 2147483647;
			files = (
				2DE590962A052D8B0041EA4D /* Preview Assets.xcassets in Resources */,
				2D3BB72A2A6338D3003EF280 /* Localizable.strings in Resources */,
				2DE590932A052D8B0041EA4D /* Assets.xcassets in Resources */,
			);
			runOnlyForDeploymentPostprocessing = 0;
		};
		E48E097D2A05BF98002456E5 /* Resources */ = {
			isa = PBXResourcesBuildPhase;
			buildActionMask = 2147483647;
			files = (
				E48E098B2A05BF99002456E5 /* Assets.xcassets in Resources */,
				2D52A02C2B15CB2900B6316D /* Assets.xcassets in Resources */,
				2D3BB72B2A6338D3003EF280 /* Localizable.strings in Resources */,
			);
			runOnlyForDeploymentPostprocessing = 0;
		};
/* End PBXResourcesBuildPhase section */

/* Begin PBXSourcesBuildPhase section */
		2DE590872A052D890041EA4D /* Sources */ = {
			isa = PBXSourcesBuildPhase;
			buildActionMask = 2147483647;
			files = (
				2D0A72A02B13AADB00C1B561 /* Memory.swift in Sources */,
				2D3874E52B12232300B2E7B6 /* ShareView.swift in Sources */,
				2DCD120E2B18D06800B2BFFD /* AuthManager.swift in Sources */,
				2D4211412B10E9D30085AA78 /* ShareBadgeView.swift in Sources */,
				2D4211452B10EDEB0085AA78 /* XYearsAgoBadgeView.swift in Sources */,
				2D0A72A22B13AADB00C1B561 /* FakeBehaviour.swift in Sources */,
				2D7C9D392B14A9DC005B76EF /* Date.swift in Sources */,
				2D0A72A82B13AADB00C1B561 /* Activity.swift in Sources */,
				2D906C6E2B19C1430039A547 /* Login.swift in Sources */,
				2D906C692B18ED8F0039A547 /* GenericError.swift in Sources */,
				E468D3FD2A0663E50017070A /* Analytics.swift in Sources */,
				2D0A72A62B13AADB00C1B561 /* ActivityType.swift in Sources */,
				2D0A72A12B13AADB00C1B561 /* MemoryViewModel.swift in Sources */,
				2D3874E72B1228C900B2E7B6 /* Deeplink.swift in Sources */,
				2DCAC7A42A208FE7007A11F9 /* Config.swift in Sources */,
				2DE590BF2A053D9C0041EA4D /* StravaLoginView.swift in Sources */,
				E4604FC42A05C98800D838DF /* MemoriesWidgetView.swift in Sources */,
				2D0A72A92B13AADB00C1B561 /* Athlete.swift in Sources */,
				2D6064642B0FA8C50049D42C /* SettingsView.swift in Sources */,
				2DCC1B262B16152600E8B735 /* EmailFormView.swift in Sources */,
				2D906C672B18E9B30039A547 /* ScreenManager.swift in Sources */,
				2D7C9D412B14FA43005B76EF /* Color.swift in Sources */,
				E48E099B2A05C2E6002456E5 /* MemoriesApp.swift in Sources */,
				2D906C6C2B19C11C0039A547 /* LoginService.swift in Sources */,
				E46FD4B52A0EA308000396EA /* WebView.swift in Sources */,
				2D0A72A32B13AADB00C1B561 /* ActivityError.swift in Sources */,
				2D0A72A72B13AADB00C1B561 /* DateFormatter.swift in Sources */,
				2D52A02E2B15D13D00B6316D /* WidgetSharingManager.swift in Sources */,
				E4E501B92A0E9A00009D4993 /* MemoriesHomeView.swift in Sources */,
				2D4211432B10EC3D0085AA78 /* BadgeView.swift in Sources */,
				E402A3822A05D3A400C2F3B0 /* Helper.swift in Sources */,
				2D0A72A52B13AADB00C1B561 /* APIError.swift in Sources */,
			);
			runOnlyForDeploymentPostprocessing = 0;
		};
		E48E097B2A05BF98002456E5 /* Sources */ = {
			isa = PBXSourcesBuildPhase;
			buildActionMask = 2147483647;
			files = (
				2D7C9D3A2B14A9DC005B76EF /* Date.swift in Sources */,
				2D4211462B10EDEB0085AA78 /* XYearsAgoBadgeView.swift in Sources */,
				2D4211402B10E97E0085AA78 /* ShareBadgeView.swift in Sources */,
				2DAB2A6E2B13B0D300C45C09 /* MemoryViewModel.swift in Sources */,
				2D7C9D422B14FA43005B76EF /* Color.swift in Sources */,
				2D0A72B22B13AAFD00C1B561 /* ActivityType.swift in Sources */,
				2D0A72AE2B13AAF400C1B561 /* DateFormatter.swift in Sources */,
				E4604FC32A05C6D100D838DF /* MemoriesWidgetView.swift in Sources */,
				2D0A72AA2B13AAEA00C1B561 /* Athlete.swift in Sources */,
				2D0A72B32B13AB0000C1B561 /* Memory.swift in Sources */,
				E48E09892A05BF98002456E5 /* MemoriesWidget.swift in Sources */,
				2DAB2A652B13AD7900C45C09 /* MemoryTimelineProvider.swift in Sources */,
				E4A397112A616485009A2E6F /* Analytics.swift in Sources */,
				2D0A72AB2B13AAED00C1B561 /* Activity.swift in Sources */,
				2D0A72AF2B13AAF600C1B561 /* FakeBehaviour.swift in Sources */,
				2D3874E82B1228C900B2E7B6 /* Deeplink.swift in Sources */,
				2DCAC7A52A208FE7007A11F9 /* Config.swift in Sources */,
				2D4211442B10EC3D0085AA78 /* BadgeView.swift in Sources */,
				E48E09872A05BF98002456E5 /* MemoriesWidgetBundle.swift in Sources */,
				E402A3832A05D46800C2F3B0 /* Helper.swift in Sources */,
				2D0A72B02B13AAF900C1B561 /* ActivityError.swift in Sources */,
				2D0A72B12B13AAFB00C1B561 /* APIError.swift in Sources */,
				2DAB2A632B13AD4700C45C09 /* MemoryTimelineEntry.swift in Sources */,
				2D906C6A2B18ED8F0039A547 /* GenericError.swift in Sources */,
				2DCD120F2B18D06800B2BFFD /* AuthManager.swift in Sources */,
			);
			runOnlyForDeploymentPostprocessing = 0;
		};
/* End PBXSourcesBuildPhase section */

/* Begin PBXTargetDependency section */
		2D3779192A1EB90800629BE3 /* PBXTargetDependency */ = {
			isa = PBXTargetDependency;
			target = E48E097E2A05BF98002456E5 /* MemoriesWidgetExtension */;
			targetProxy = 2D3779182A1EB90800629BE3 /* PBXContainerItemProxy */;
		};
/* End PBXTargetDependency section */

/* Begin PBXVariantGroup section */
		2D3BB72E2A6338D3003EF280 /* Localizable.strings */ = {
			isa = PBXVariantGroup;
			children = (
				2D3BB72D2A6338D3003EF280 /* en */,
				2D3BB72F2A6338E8003EF280 /* fr */,
			);
			name = Localizable.strings;
			sourceTree = "<group>";
		};
/* End PBXVariantGroup section */

/* Begin XCBuildConfiguration section */
		2DE590AD2A052D8C0041EA4D /* dev */ = {
			isa = XCBuildConfiguration;
			baseConfigurationReference = 2DCAC7A12A208D93007A11F9 /* dev.xcconfig */;
			buildSettings = {
				ALWAYS_SEARCH_USER_PATHS = NO;
				CLANG_ANALYZER_LOCALIZABILITY_NONLOCALIZED = YES;
				CLANG_ANALYZER_NONNULL = YES;
				CLANG_ANALYZER_NUMBER_OBJECT_CONVERSION = YES_AGGRESSIVE;
				CLANG_CXX_LANGUAGE_STANDARD = "gnu++20";
				CLANG_ENABLE_MODULES = YES;
				CLANG_ENABLE_OBJC_ARC = YES;
				CLANG_ENABLE_OBJC_WEAK = YES;
				CLANG_WARN_BLOCK_CAPTURE_AUTORELEASING = YES;
				CLANG_WARN_BOOL_CONVERSION = YES;
				CLANG_WARN_COMMA = YES;
				CLANG_WARN_CONSTANT_CONVERSION = YES;
				CLANG_WARN_DEPRECATED_OBJC_IMPLEMENTATIONS = YES;
				CLANG_WARN_DIRECT_OBJC_ISA_USAGE = YES_ERROR;
				CLANG_WARN_DOCUMENTATION_COMMENTS = YES;
				CLANG_WARN_EMPTY_BODY = YES;
				CLANG_WARN_ENUM_CONVERSION = YES;
				CLANG_WARN_INFINITE_RECURSION = YES;
				CLANG_WARN_INT_CONVERSION = YES;
				CLANG_WARN_NON_LITERAL_NULL_CONVERSION = YES;
				CLANG_WARN_OBJC_IMPLICIT_RETAIN_SELF = YES;
				CLANG_WARN_OBJC_LITERAL_CONVERSION = YES;
				CLANG_WARN_OBJC_ROOT_CLASS = YES_ERROR;
				CLANG_WARN_QUOTED_INCLUDE_IN_FRAMEWORK_HEADER = YES;
				CLANG_WARN_RANGE_LOOP_ANALYSIS = YES;
				CLANG_WARN_STRICT_PROTOTYPES = YES;
				CLANG_WARN_SUSPICIOUS_MOVE = YES;
				CLANG_WARN_UNGUARDED_AVAILABILITY = YES_AGGRESSIVE;
				CLANG_WARN_UNREACHABLE_CODE = YES;
				CLANG_WARN__DUPLICATE_METHOD_MATCH = YES;
				COPY_PHASE_STRIP = NO;
				DEBUG_INFORMATION_FORMAT = dwarf;
				ENABLE_STRICT_OBJC_MSGSEND = YES;
				ENABLE_TESTABILITY = YES;
				GCC_C_LANGUAGE_STANDARD = gnu11;
				GCC_DYNAMIC_NO_PIC = NO;
				GCC_NO_COMMON_BLOCKS = YES;
				GCC_OPTIMIZATION_LEVEL = 0;
				GCC_PREPROCESSOR_DEFINITIONS = (
					"DEBUG=1",
					"$(inherited)",
				);
				GCC_WARN_64_TO_32_BIT_CONVERSION = YES;
				GCC_WARN_ABOUT_RETURN_TYPE = YES_ERROR;
				GCC_WARN_UNDECLARED_SELECTOR = YES;
				GCC_WARN_UNINITIALIZED_AUTOS = YES_AGGRESSIVE;
				GCC_WARN_UNUSED_FUNCTION = YES;
				GCC_WARN_UNUSED_VARIABLE = YES;
				IPHONEOS_DEPLOYMENT_TARGET = 15.0;
				MTL_ENABLE_DEBUG_INFO = INCLUDE_SOURCE;
				MTL_FAST_MATH = YES;
				ONLY_ACTIVE_ARCH = YES;
				SDKROOT = iphoneos;
				SWIFT_ACTIVE_COMPILATION_CONDITIONS = DEBUG;
				SWIFT_OPTIMIZATION_LEVEL = "-Onone";
			};
			name = dev;
		};
		2DE590AE2A052D8C0041EA4D /* prod */ = {
			isa = XCBuildConfiguration;
			baseConfigurationReference = 2DCAC7A22A208DA2007A11F9 /* prod.xcconfig */;
			buildSettings = {
				ALWAYS_SEARCH_USER_PATHS = NO;
				CLANG_ANALYZER_LOCALIZABILITY_NONLOCALIZED = YES;
				CLANG_ANALYZER_NONNULL = YES;
				CLANG_ANALYZER_NUMBER_OBJECT_CONVERSION = YES_AGGRESSIVE;
				CLANG_CXX_LANGUAGE_STANDARD = "gnu++20";
				CLANG_ENABLE_MODULES = YES;
				CLANG_ENABLE_OBJC_ARC = YES;
				CLANG_ENABLE_OBJC_WEAK = YES;
				CLANG_WARN_BLOCK_CAPTURE_AUTORELEASING = YES;
				CLANG_WARN_BOOL_CONVERSION = YES;
				CLANG_WARN_COMMA = YES;
				CLANG_WARN_CONSTANT_CONVERSION = YES;
				CLANG_WARN_DEPRECATED_OBJC_IMPLEMENTATIONS = YES;
				CLANG_WARN_DIRECT_OBJC_ISA_USAGE = YES_ERROR;
				CLANG_WARN_DOCUMENTATION_COMMENTS = YES;
				CLANG_WARN_EMPTY_BODY = YES;
				CLANG_WARN_ENUM_CONVERSION = YES;
				CLANG_WARN_INFINITE_RECURSION = YES;
				CLANG_WARN_INT_CONVERSION = YES;
				CLANG_WARN_NON_LITERAL_NULL_CONVERSION = YES;
				CLANG_WARN_OBJC_IMPLICIT_RETAIN_SELF = YES;
				CLANG_WARN_OBJC_LITERAL_CONVERSION = YES;
				CLANG_WARN_OBJC_ROOT_CLASS = YES_ERROR;
				CLANG_WARN_QUOTED_INCLUDE_IN_FRAMEWORK_HEADER = YES;
				CLANG_WARN_RANGE_LOOP_ANALYSIS = YES;
				CLANG_WARN_STRICT_PROTOTYPES = YES;
				CLANG_WARN_SUSPICIOUS_MOVE = YES;
				CLANG_WARN_UNGUARDED_AVAILABILITY = YES_AGGRESSIVE;
				CLANG_WARN_UNREACHABLE_CODE = YES;
				CLANG_WARN__DUPLICATE_METHOD_MATCH = YES;
				COPY_PHASE_STRIP = NO;
				DEBUG_INFORMATION_FORMAT = "dwarf-with-dsym";
				ENABLE_NS_ASSERTIONS = NO;
				ENABLE_STRICT_OBJC_MSGSEND = YES;
				GCC_C_LANGUAGE_STANDARD = gnu11;
				GCC_NO_COMMON_BLOCKS = YES;
				GCC_WARN_64_TO_32_BIT_CONVERSION = YES;
				GCC_WARN_ABOUT_RETURN_TYPE = YES_ERROR;
				GCC_WARN_UNDECLARED_SELECTOR = YES;
				GCC_WARN_UNINITIALIZED_AUTOS = YES_AGGRESSIVE;
				GCC_WARN_UNUSED_FUNCTION = YES;
				GCC_WARN_UNUSED_VARIABLE = YES;
				IPHONEOS_DEPLOYMENT_TARGET = 15.0;
				MTL_ENABLE_DEBUG_INFO = NO;
				MTL_FAST_MATH = YES;
				SDKROOT = iphoneos;
				SWIFT_COMPILATION_MODE = wholemodule;
				SWIFT_OPTIMIZATION_LEVEL = "-O";
				VALIDATE_PRODUCT = YES;
			};
			name = prod;
		};
		2DE590B02A052D8C0041EA4D /* dev */ = {
			isa = XCBuildConfiguration;
			buildSettings = {
				ALWAYS_EMBED_SWIFT_STANDARD_LIBRARIES = "$(inherited)";
				ASSETCATALOG_COMPILER_APPICON_NAME = AppIconDev;
				ASSETCATALOG_COMPILER_GLOBAL_ACCENT_COLOR_NAME = AccentColor;
				ASSETCATALOG_COMPILER_INCLUDE_ALL_APPICON_ASSETS = NO;
				CODE_SIGN_ENTITLEMENTS = Memories/Memories.entitlements;
				CODE_SIGN_STYLE = Automatic;
				CURRENT_PROJECT_VERSION = 18;
				DEVELOPMENT_ASSET_PATHS = "\"Memories/Preview Content\"";
				DEVELOPMENT_TEAM = YPP2B773SY;
				ENABLE_PREVIEWS = YES;
				GENERATE_INFOPLIST_FILE = YES;
				INFOPLIST_FILE = Memories/Info.plist;
				INFOPLIST_KEY_CFBundleDisplayName = Memories;
				INFOPLIST_KEY_LSApplicationCategoryType = "public.app-category.sports";
				INFOPLIST_KEY_UIApplicationSceneManifest_Generation = YES;
				INFOPLIST_KEY_UIApplicationSupportsIndirectInputEvents = YES;
				INFOPLIST_KEY_UILaunchScreen_Generation = YES;
				INFOPLIST_KEY_UISupportedInterfaceOrientations = UIInterfaceOrientationPortrait;
				IPHONEOS_DEPLOYMENT_TARGET = 15.0;
				LD_RUNPATH_SEARCH_PATHS = (
					"$(inherited)",
					"@executable_path/Frameworks",
				);
				MARKETING_VERSION = 1.17;
				PRODUCT_BUNDLE_IDENTIFIER = ikigai.Memories.dev;
				PRODUCT_NAME = "$(TARGET_NAME)";
				SWIFT_EMIT_LOC_STRINGS = YES;
				SWIFT_VERSION = 5.0;
				TARGETED_DEVICE_FAMILY = 1;
			};
			name = dev;
		};
		2DE590B12A052D8C0041EA4D /* prod */ = {
			isa = XCBuildConfiguration;
			buildSettings = {
				ALWAYS_EMBED_SWIFT_STANDARD_LIBRARIES = "$(inherited)";
				ASSETCATALOG_COMPILER_APPICON_NAME = AppIconProd;
				ASSETCATALOG_COMPILER_GLOBAL_ACCENT_COLOR_NAME = AccentColor;
				ASSETCATALOG_COMPILER_INCLUDE_ALL_APPICON_ASSETS = NO;
				CODE_SIGN_ENTITLEMENTS = Memories/Memories.entitlements;
				CODE_SIGN_STYLE = Automatic;
				CURRENT_PROJECT_VERSION = 18;
				DEVELOPMENT_ASSET_PATHS = "\"Memories/Preview Content\"";
				DEVELOPMENT_TEAM = YPP2B773SY;
				ENABLE_PREVIEWS = YES;
				GENERATE_INFOPLIST_FILE = YES;
				INFOPLIST_FILE = Memories/Info.plist;
				INFOPLIST_KEY_CFBundleDisplayName = Memories;
				INFOPLIST_KEY_LSApplicationCategoryType = "public.app-category.sports";
				INFOPLIST_KEY_UIApplicationSceneManifest_Generation = YES;
				INFOPLIST_KEY_UIApplicationSupportsIndirectInputEvents = YES;
				INFOPLIST_KEY_UILaunchScreen_Generation = YES;
				INFOPLIST_KEY_UISupportedInterfaceOrientations = UIInterfaceOrientationPortrait;
				IPHONEOS_DEPLOYMENT_TARGET = 15.0;
				LD_RUNPATH_SEARCH_PATHS = (
					"$(inherited)",
					"@executable_path/Frameworks",
				);
				MARKETING_VERSION = 1.17;
				PRODUCT_BUNDLE_IDENTIFIER = ikigai.Memories;
				PRODUCT_NAME = "$(TARGET_NAME)";
				SWIFT_EMIT_LOC_STRINGS = YES;
				SWIFT_VERSION = 5.0;
				TARGETED_DEVICE_FAMILY = 1;
			};
			name = prod;
		};
		E48E09912A05BF99002456E5 /* dev */ = {
			isa = XCBuildConfiguration;
			buildSettings = {
				APPLICATION_EXTENSION_API_ONLY = YES;
				ASSETCATALOG_COMPILER_GLOBAL_ACCENT_COLOR_NAME = AccentColor;
				ASSETCATALOG_COMPILER_WIDGET_BACKGROUND_COLOR_NAME = WidgetBackground;
				CODE_SIGN_ENTITLEMENTS = MemoriesWidget/MemoriesWidgetExtension.entitlements;
				CODE_SIGN_STYLE = Automatic;
				CURRENT_PROJECT_VERSION = 18;
				DEVELOPMENT_TEAM = YPP2B773SY;
				GENERATE_INFOPLIST_FILE = YES;
				INFOPLIST_FILE = MemoriesWidget/Info.plist;
				INFOPLIST_KEY_CFBundleDisplayName = Memories;
				INFOPLIST_KEY_NSHumanReadableCopyright = "";
				INFOPLIST_KEY_UIUserInterfaceStyle = Light;
				IPHONEOS_DEPLOYMENT_TARGET = 15.0;
				LD_RUNPATH_SEARCH_PATHS = (
					"$(inherited)",
					"@executable_path/Frameworks",
					"@executable_path/../../Frameworks",
				);
				MARKETING_VERSION = 1.17;
				PRODUCT_BUNDLE_IDENTIFIER = ikigai.Memories.dev.MemoriesWidget;
				PRODUCT_NAME = "$(TARGET_NAME)";
				SKIP_INSTALL = YES;
				SWIFT_EMIT_LOC_STRINGS = YES;
				SWIFT_VERSION = 5.0;
				TARGETED_DEVICE_FAMILY = 1;
			};
			name = dev;
		};
		E48E09922A05BF99002456E5 /* prod */ = {
			isa = XCBuildConfiguration;
			buildSettings = {
				APPLICATION_EXTENSION_API_ONLY = YES;
				ASSETCATALOG_COMPILER_GLOBAL_ACCENT_COLOR_NAME = AccentColor;
				ASSETCATALOG_COMPILER_WIDGET_BACKGROUND_COLOR_NAME = WidgetBackground;
				CODE_SIGN_ENTITLEMENTS = MemoriesWidget/MemoriesWidgetExtension.entitlements;
				CODE_SIGN_STYLE = Automatic;
				CURRENT_PROJECT_VERSION = 18;
				DEVELOPMENT_TEAM = YPP2B773SY;
				GENERATE_INFOPLIST_FILE = YES;
				INFOPLIST_FILE = MemoriesWidget/Info.plist;
				INFOPLIST_KEY_CFBundleDisplayName = Memories;
				INFOPLIST_KEY_NSHumanReadableCopyright = "";
				INFOPLIST_KEY_UIUserInterfaceStyle = Light;
				IPHONEOS_DEPLOYMENT_TARGET = 15.0;
				LD_RUNPATH_SEARCH_PATHS = (
					"$(inherited)",
					"@executable_path/Frameworks",
					"@executable_path/../../Frameworks",
				);
				MARKETING_VERSION = 1.17;
				PRODUCT_BUNDLE_IDENTIFIER = ikigai.Memories.MemoriesWidget;
				PRODUCT_NAME = "$(TARGET_NAME)";
				SKIP_INSTALL = YES;
				SWIFT_EMIT_LOC_STRINGS = YES;
				SWIFT_VERSION = 5.0;
				TARGETED_DEVICE_FAMILY = 1;
			};
			name = prod;
		};
/* End XCBuildConfiguration section */

/* Begin XCConfigurationList section */
		2DE590862A052D890041EA4D /* Build configuration list for PBXProject "Memories" */ = {
			isa = XCConfigurationList;
			buildConfigurations = (
				2DE590AD2A052D8C0041EA4D /* dev */,
				2DE590AE2A052D8C0041EA4D /* prod */,
			);
			defaultConfigurationIsVisible = 0;
			defaultConfigurationName = dev;
		};
		2DE590AF2A052D8C0041EA4D /* Build configuration list for PBXNativeTarget "Memories" */ = {
			isa = XCConfigurationList;
			buildConfigurations = (
				2DE590B02A052D8C0041EA4D /* dev */,
				2DE590B12A052D8C0041EA4D /* prod */,
			);
			defaultConfigurationIsVisible = 0;
			defaultConfigurationName = dev;
		};
		E48E09932A05BF99002456E5 /* Build configuration list for PBXNativeTarget "MemoriesWidgetExtension" */ = {
			isa = XCConfigurationList;
			buildConfigurations = (
				E48E09912A05BF99002456E5 /* dev */,
				E48E09922A05BF99002456E5 /* prod */,
			);
			defaultConfigurationIsVisible = 0;
			defaultConfigurationName = dev;
		};
/* End XCConfigurationList section */

/* Begin XCRemoteSwiftPackageReference section */
		2D3BB71F2A629D58003EF280 /* XCRemoteSwiftPackageReference "crisp-sdk-ios" */ = {
			isa = XCRemoteSwiftPackageReference;
			repositoryURL = "https://github.com/crisp-im/crisp-sdk-ios.git";
			requirement = {
				kind = upToNextMajorVersion;
				minimumVersion = 2.0.0;
			};
		};
		2D7F7A782A6AA98D00C30723 /* XCRemoteSwiftPackageReference "sentry-cocoa" */ = {
			isa = XCRemoteSwiftPackageReference;
			repositoryURL = "https://github.com/getsentry/sentry-cocoa.git";
			requirement = {
				kind = upToNextMajorVersion;
				minimumVersion = 8.0.0;
			};
		};
		2D7F7A7B2A6AAA1700C30723 /* XCRemoteSwiftPackageReference "posthog-ios" */ = {
			isa = XCRemoteSwiftPackageReference;
			repositoryURL = "https://github.com/PostHog/posthog-ios.git";
			requirement = {
				kind = upToNextMajorVersion;
				minimumVersion = 2.0.0;
			};
		};
		E4F69BA32A293FF80022868A /* XCRemoteSwiftPackageReference "ConfettiSwiftUI" */ = {
			isa = XCRemoteSwiftPackageReference;
			repositoryURL = "https://github.com/simibac/ConfettiSwiftUI";
			requirement = {
				kind = upToNextMajorVersion;
				minimumVersion = 1.0.0;
			};
		};
/* End XCRemoteSwiftPackageReference section */

/* Begin XCSwiftPackageProductDependency section */
		2D0A72B42B13AB5200C1B561 /* PostHog */ = {
			isa = XCSwiftPackageProductDependency;
			package = 2D7F7A7B2A6AAA1700C30723 /* XCRemoteSwiftPackageReference "posthog-ios" */;
			productName = PostHog;
		};
		2D0A72B62B13AB5B00C1B561 /* Sentry */ = {
			isa = XCSwiftPackageProductDependency;
			package = 2D7F7A782A6AA98D00C30723 /* XCRemoteSwiftPackageReference "sentry-cocoa" */;
			productName = Sentry;
		};
		2D0A72B82B13AB6800C1B561 /* Sentry */ = {
			isa = XCSwiftPackageProductDependency;
			package = 2D7F7A782A6AA98D00C30723 /* XCRemoteSwiftPackageReference "sentry-cocoa" */;
			productName = Sentry;
		};
		2D0A72BA2B13AB6D00C1B561 /* PostHog */ = {
			isa = XCSwiftPackageProductDependency;
			package = 2D7F7A7B2A6AAA1700C30723 /* XCRemoteSwiftPackageReference "posthog-ios" */;
			productName = PostHog;
		};
		2D3BB7202A629D58003EF280 /* Crisp */ = {
			isa = XCSwiftPackageProductDependency;
			package = 2D3BB71F2A629D58003EF280 /* XCRemoteSwiftPackageReference "crisp-sdk-ios" */;
			productName = Crisp;
		};
		E4F69BA42A293FF80022868A /* ConfettiSwiftUI */ = {
			isa = XCSwiftPackageProductDependency;
			package = E4F69BA32A293FF80022868A /* XCRemoteSwiftPackageReference "ConfettiSwiftUI" */;
			productName = ConfettiSwiftUI;
		};
/* End XCSwiftPackageProductDependency section */
	};
	rootObject = 2DE590832A052D890041EA4D /* Project object */;
}
