// !$*UTF8*$!
{
	archiveVersion = 1;
	classes = {
	};
	objectVersion = 56;
	objects = {

/* Begin PBXBuildFile section */
		062E7A39B50E89641A2EF211 /* Pods_MemoriesTests.framework in Frameworks */ = {isa = PBXBuildFile; fileRef = 7282850D0C4F811554D92B9E /* Pods_MemoriesTests.framework */; };
		2DE590932A052D8B0041EA4D /* Assets.xcassets in Resources */ = {isa = PBXBuildFile; fileRef = 2DE590922A052D8B0041EA4D /* Assets.xcassets */; };
		2DE590962A052D8B0041EA4D /* Preview Assets.xcassets in Resources */ = {isa = PBXBuildFile; fileRef = 2DE590952A052D8B0041EA4D /* Preview Assets.xcassets */; };
		2DE590A02A052D8C0041EA4D /* MemoriesTests.swift in Sources */ = {isa = PBXBuildFile; fileRef = 2DE5909F2A052D8C0041EA4D /* MemoriesTests.swift */; };
		2DE590AA2A052D8C0041EA4D /* MemoriesUITests.swift in Sources */ = {isa = PBXBuildFile; fileRef = 2DE590A92A052D8C0041EA4D /* MemoriesUITests.swift */; };
		2DE590AC2A052D8C0041EA4D /* MemoriesUITestsLaunchTests.swift in Sources */ = {isa = PBXBuildFile; fileRef = 2DE590AB2A052D8C0041EA4D /* MemoriesUITestsLaunchTests.swift */; };
		2DE590BE2A053D9C0041EA4D /* StravaLoginViewModel.swift in Sources */ = {isa = PBXBuildFile; fileRef = 2DE590BC2A053D9C0041EA4D /* StravaLoginViewModel.swift */; };
		2DE590BF2A053D9C0041EA4D /* StravaLoginView.swift in Sources */ = {isa = PBXBuildFile; fileRef = 2DE590BD2A053D9C0041EA4D /* StravaLoginView.swift */; };
		41102DA3BC0DD1785A68E2C2 /* Pods_Memories.framework in Frameworks */ = {isa = PBXBuildFile; fileRef = 293FD508FFFD40CE0B7C701E /* Pods_Memories.framework */; };
		62004F47876D7C3397744FAC /* Pods_Memories_MemoriesUITests.framework in Frameworks */ = {isa = PBXBuildFile; fileRef = CA53BCAF75954410F900601E /* Pods_Memories_MemoriesUITests.framework */; };
		9819F9B6C8F55C94ECF040A8 /* Pods_MemoriesWidgetExtension.framework in Frameworks */ = {isa = PBXBuildFile; fileRef = 1594DDC791C60CB48C1C5A36 /* Pods_MemoriesWidgetExtension.framework */; };
		E402A3822A05D3A400C2F3B0 /* Helper.swift in Sources */ = {isa = PBXBuildFile; fileRef = E402A3812A05D3A400C2F3B0 /* Helper.swift */; };
		E402A3832A05D46800C2F3B0 /* Helper.swift in Sources */ = {isa = PBXBuildFile; fileRef = E402A3812A05D3A400C2F3B0 /* Helper.swift */; };
		E42106B62A0ECB5300187A74 /* Activity.h in Headers */ = {isa = PBXBuildFile; fileRef = E42106B52A0ECB5300187A74 /* Activity.h */; settings = {ATTRIBUTES = (Public, ); }; };
		E42106B92A0ECB5300187A74 /* Activity.framework in Frameworks */ = {isa = PBXBuildFile; fileRef = E42106B32A0ECB5300187A74 /* Activity.framework */; };
		E42106BA2A0ECB5300187A74 /* Activity.framework in Embed Frameworks */ = {isa = PBXBuildFile; fileRef = E42106B32A0ECB5300187A74 /* Activity.framework */; settings = {ATTRIBUTES = (CodeSignOnCopy, RemoveHeadersOnCopy, ); }; };
		E42106C02A0ECB6900187A74 /* Activity.swift in Sources */ = {isa = PBXBuildFile; fileRef = E42106BF2A0ECB6900187A74 /* Activity.swift */; };
		E42106C12A0ECBC900187A74 /* Activity.framework in Frameworks */ = {isa = PBXBuildFile; fileRef = E42106B32A0ECB5300187A74 /* Activity.framework */; };
		E42106C22A0ECBC900187A74 /* Activity.framework in Embed Frameworks */ = {isa = PBXBuildFile; fileRef = E42106B32A0ECB5300187A74 /* Activity.framework */; settings = {ATTRIBUTES = (CodeSignOnCopy, RemoveHeadersOnCopy, ); }; };
		E4604FC12A05C55100D838DF /* MemoriesWidget.swift in Sources */ = {isa = PBXBuildFile; fileRef = E48E09882A05BF98002456E5 /* MemoriesWidget.swift */; };
		E4604FC32A05C6D100D838DF /* MemoriesWidgetView.swift in Sources */ = {isa = PBXBuildFile; fileRef = E4604FC22A05C6D100D838DF /* MemoriesWidgetView.swift */; };
		E4604FC42A05C98800D838DF /* MemoriesWidgetView.swift in Sources */ = {isa = PBXBuildFile; fileRef = E4604FC22A05C6D100D838DF /* MemoriesWidgetView.swift */; };
		E468D3FD2A0663E50017070A /* Analytics.swift in Sources */ = {isa = PBXBuildFile; fileRef = E468D3FC2A0663E50017070A /* Analytics.swift */; };
		E46FD4B52A0EA308000396EA /* WebView.swift in Sources */ = {isa = PBXBuildFile; fileRef = E46FD4B42A0EA308000396EA /* WebView.swift */; };
		E48E09822A05BF98002456E5 /* WidgetKit.framework in Frameworks */ = {isa = PBXBuildFile; fileRef = E48E09812A05BF98002456E5 /* WidgetKit.framework */; };
		E48E09842A05BF98002456E5 /* SwiftUI.framework in Frameworks */ = {isa = PBXBuildFile; fileRef = E48E09832A05BF98002456E5 /* SwiftUI.framework */; };
		E48E09872A05BF98002456E5 /* MemoriesWidgetBundle.swift in Sources */ = {isa = PBXBuildFile; fileRef = E48E09862A05BF98002456E5 /* MemoriesWidgetBundle.swift */; };
		E48E09892A05BF98002456E5 /* MemoriesWidget.swift in Sources */ = {isa = PBXBuildFile; fileRef = E48E09882A05BF98002456E5 /* MemoriesWidget.swift */; };
		E48E098B2A05BF99002456E5 /* Assets.xcassets in Resources */ = {isa = PBXBuildFile; fileRef = E48E098A2A05BF99002456E5 /* Assets.xcassets */; };
		E48E098F2A05BF99002456E5 /* MemoriesWidgetExtension.appex in Embed Foundation Extensions */ = {isa = PBXBuildFile; fileRef = E48E097F2A05BF98002456E5 /* MemoriesWidgetExtension.appex */; settings = {ATTRIBUTES = (RemoveHeadersOnCopy, ); }; };
		E48E099B2A05C2E6002456E5 /* MemoriesApp.swift in Sources */ = {isa = PBXBuildFile; fileRef = 2DE5908E2A052D890041EA4D /* MemoriesApp.swift */; };
		E4E501B92A0E9A00009D4993 /* MemoriesHomeView.swift in Sources */ = {isa = PBXBuildFile; fileRef = E4E501B82A0E9A00009D4993 /* MemoriesHomeView.swift */; };
/* End PBXBuildFile section */

/* Begin PBXContainerItemProxy section */
		2DE5909C2A052D8C0041EA4D /* PBXContainerItemProxy */ = {
			isa = PBXContainerItemProxy;
			containerPortal = 2DE590832A052D890041EA4D /* Project object */;
			proxyType = 1;
			remoteGlobalIDString = 2DE5908A2A052D890041EA4D;
			remoteInfo = Memories;
		};
		2DE590A62A052D8C0041EA4D /* PBXContainerItemProxy */ = {
			isa = PBXContainerItemProxy;
			containerPortal = 2DE590832A052D890041EA4D /* Project object */;
			proxyType = 1;
			remoteGlobalIDString = 2DE5908A2A052D890041EA4D;
			remoteInfo = Memories;
		};
		E42106B72A0ECB5300187A74 /* PBXContainerItemProxy */ = {
			isa = PBXContainerItemProxy;
			containerPortal = 2DE590832A052D890041EA4D /* Project object */;
			proxyType = 1;
			remoteGlobalIDString = E42106B22A0ECB5300187A74;
			remoteInfo = Activity;
		};
		E42106C32A0ECBC900187A74 /* PBXContainerItemProxy */ = {
			isa = PBXContainerItemProxy;
			containerPortal = 2DE590832A052D890041EA4D /* Project object */;
			proxyType = 1;
			remoteGlobalIDString = E42106B22A0ECB5300187A74;
			remoteInfo = Activity;
		};
		E48E098D2A05BF99002456E5 /* PBXContainerItemProxy */ = {
			isa = PBXContainerItemProxy;
			containerPortal = 2DE590832A052D890041EA4D /* Project object */;
			proxyType = 1;
			remoteGlobalIDString = E48E097E2A05BF98002456E5;
			remoteInfo = MemoriesWidgetExtension;
		};
/* End PBXContainerItemProxy section */

/* Begin PBXCopyFilesBuildPhase section */
		E42106BB2A0ECB5300187A74 /* Embed Frameworks */ = {
			isa = PBXCopyFilesBuildPhase;
			buildActionMask = 2147483647;
			dstPath = "";
			dstSubfolderSpec = 10;
			files = (
				E42106BA2A0ECB5300187A74 /* Activity.framework in Embed Frameworks */,
			);
			name = "Embed Frameworks";
			runOnlyForDeploymentPostprocessing = 0;
		};
		E42106C52A0ECBC900187A74 /* Embed Frameworks */ = {
			isa = PBXCopyFilesBuildPhase;
			buildActionMask = 2147483647;
			dstPath = "";
			dstSubfolderSpec = 10;
			files = (
				E42106C22A0ECBC900187A74 /* Activity.framework in Embed Frameworks */,
			);
			name = "Embed Frameworks";
			runOnlyForDeploymentPostprocessing = 0;
		};
		E48E09902A05BF99002456E5 /* Embed Foundation Extensions */ = {
			isa = PBXCopyFilesBuildPhase;
			buildActionMask = 2147483647;
			dstPath = "";
			dstSubfolderSpec = 13;
			files = (
				E48E098F2A05BF99002456E5 /* MemoriesWidgetExtension.appex in Embed Foundation Extensions */,
			);
			name = "Embed Foundation Extensions";
			runOnlyForDeploymentPostprocessing = 0;
		};
/* End PBXCopyFilesBuildPhase section */

/* Begin PBXFileReference section */
		07E3BB9027356AC089952719 /* Pods-MemoriesTests.release.xcconfig */ = {isa = PBXFileReference; includeInIndex = 1; lastKnownFileType = text.xcconfig; name = "Pods-MemoriesTests.release.xcconfig"; path = "Target Support Files/Pods-MemoriesTests/Pods-MemoriesTests.release.xcconfig"; sourceTree = "<group>"; };
		0EF27686CADC2A5869494D65 /* Pods-Memories-MemoriesUITests.release.xcconfig */ = {isa = PBXFileReference; includeInIndex = 1; lastKnownFileType = text.xcconfig; name = "Pods-Memories-MemoriesUITests.release.xcconfig"; path = "Target Support Files/Pods-Memories-MemoriesUITests/Pods-Memories-MemoriesUITests.release.xcconfig"; sourceTree = "<group>"; };
		1594DDC791C60CB48C1C5A36 /* Pods_MemoriesWidgetExtension.framework */ = {isa = PBXFileReference; explicitFileType = wrapper.framework; includeInIndex = 0; path = Pods_MemoriesWidgetExtension.framework; sourceTree = BUILT_PRODUCTS_DIR; };
		22EF4430BF0FDEFE910DA20D /* Pods-MemoriesTests.debug.xcconfig */ = {isa = PBXFileReference; includeInIndex = 1; lastKnownFileType = text.xcconfig; name = "Pods-MemoriesTests.debug.xcconfig"; path = "Target Support Files/Pods-MemoriesTests/Pods-MemoriesTests.debug.xcconfig"; sourceTree = "<group>"; };
		293FD508FFFD40CE0B7C701E /* Pods_Memories.framework */ = {isa = PBXFileReference; explicitFileType = wrapper.framework; includeInIndex = 0; path = Pods_Memories.framework; sourceTree = BUILT_PRODUCTS_DIR; };
		2DE5908B2A052D890041EA4D /* Memories.app */ = {isa = PBXFileReference; explicitFileType = wrapper.application; includeInIndex = 0; path = Memories.app; sourceTree = BUILT_PRODUCTS_DIR; };
		2DE5908E2A052D890041EA4D /* MemoriesApp.swift */ = {isa = PBXFileReference; lastKnownFileType = sourcecode.swift; path = MemoriesApp.swift; sourceTree = "<group>"; };
		2DE590922A052D8B0041EA4D /* Assets.xcassets */ = {isa = PBXFileReference; lastKnownFileType = folder.assetcatalog; path = Assets.xcassets; sourceTree = "<group>"; };
		2DE590952A052D8B0041EA4D /* Preview Assets.xcassets */ = {isa = PBXFileReference; lastKnownFileType = folder.assetcatalog; path = "Preview Assets.xcassets"; sourceTree = "<group>"; };
		2DE5909B2A052D8C0041EA4D /* MemoriesTests.xctest */ = {isa = PBXFileReference; explicitFileType = wrapper.cfbundle; includeInIndex = 0; path = MemoriesTests.xctest; sourceTree = BUILT_PRODUCTS_DIR; };
		2DE5909F2A052D8C0041EA4D /* MemoriesTests.swift */ = {isa = PBXFileReference; lastKnownFileType = sourcecode.swift; path = MemoriesTests.swift; sourceTree = "<group>"; };
		2DE590A52A052D8C0041EA4D /* MemoriesUITests.xctest */ = {isa = PBXFileReference; explicitFileType = wrapper.cfbundle; includeInIndex = 0; path = MemoriesUITests.xctest; sourceTree = BUILT_PRODUCTS_DIR; };
		2DE590A92A052D8C0041EA4D /* MemoriesUITests.swift */ = {isa = PBXFileReference; lastKnownFileType = sourcecode.swift; path = MemoriesUITests.swift; sourceTree = "<group>"; };
		2DE590AB2A052D8C0041EA4D /* MemoriesUITestsLaunchTests.swift */ = {isa = PBXFileReference; lastKnownFileType = sourcecode.swift; path = MemoriesUITestsLaunchTests.swift; sourceTree = "<group>"; };
		2DE590BB2A053D710041EA4D /* Info.plist */ = {isa = PBXFileReference; lastKnownFileType = text.plist.xml; path = Info.plist; sourceTree = "<group>"; };
		2DE590BC2A053D9C0041EA4D /* StravaLoginViewModel.swift */ = {isa = PBXFileReference; fileEncoding = 4; lastKnownFileType = sourcecode.swift; path = StravaLoginViewModel.swift; sourceTree = "<group>"; };
		2DE590BD2A053D9C0041EA4D /* StravaLoginView.swift */ = {isa = PBXFileReference; fileEncoding = 4; lastKnownFileType = sourcecode.swift; path = StravaLoginView.swift; sourceTree = "<group>"; };
		3F21E04C60208C2B27828C60 /* Pods-Memories.release.xcconfig */ = {isa = PBXFileReference; includeInIndex = 1; lastKnownFileType = text.xcconfig; name = "Pods-Memories.release.xcconfig"; path = "Target Support Files/Pods-Memories/Pods-Memories.release.xcconfig"; sourceTree = "<group>"; };
		7282850D0C4F811554D92B9E /* Pods_MemoriesTests.framework */ = {isa = PBXFileReference; explicitFileType = wrapper.framework; includeInIndex = 0; path = Pods_MemoriesTests.framework; sourceTree = BUILT_PRODUCTS_DIR; };
		780B8DB719AEE79DEF13A098 /* Pods-Memories.debug.xcconfig */ = {isa = PBXFileReference; includeInIndex = 1; lastKnownFileType = text.xcconfig; name = "Pods-Memories.debug.xcconfig"; path = "Target Support Files/Pods-Memories/Pods-Memories.debug.xcconfig"; sourceTree = "<group>"; };
		9E40D207A97937C1AF274B60 /* Pods-MemoriesWidgetExtension.release.xcconfig */ = {isa = PBXFileReference; includeInIndex = 1; lastKnownFileType = text.xcconfig; name = "Pods-MemoriesWidgetExtension.release.xcconfig"; path = "Target Support Files/Pods-MemoriesWidgetExtension/Pods-MemoriesWidgetExtension.release.xcconfig"; sourceTree = "<group>"; };
		A8DA50D702C66157718FF28F /* Pods-MemoriesWidgetExtension.debug.xcconfig */ = {isa = PBXFileReference; includeInIndex = 1; lastKnownFileType = text.xcconfig; name = "Pods-MemoriesWidgetExtension.debug.xcconfig"; path = "Target Support Files/Pods-MemoriesWidgetExtension/Pods-MemoriesWidgetExtension.debug.xcconfig"; sourceTree = "<group>"; };
		A96CC0E27063C9B676826DFA /* Pods-Memories-MemoriesUITests.debug.xcconfig */ = {isa = PBXFileReference; includeInIndex = 1; lastKnownFileType = text.xcconfig; name = "Pods-Memories-MemoriesUITests.debug.xcconfig"; path = "Target Support Files/Pods-Memories-MemoriesUITests/Pods-Memories-MemoriesUITests.debug.xcconfig"; sourceTree = "<group>"; };
		CA53BCAF75954410F900601E /* Pods_Memories_MemoriesUITests.framework */ = {isa = PBXFileReference; explicitFileType = wrapper.framework; includeInIndex = 0; path = Pods_Memories_MemoriesUITests.framework; sourceTree = BUILT_PRODUCTS_DIR; };
		E402A37D2A05D27F00C2F3B0 /* Memories.entitlements */ = {isa = PBXFileReference; lastKnownFileType = text.plist.entitlements; path = Memories.entitlements; sourceTree = "<group>"; };
		E402A3802A05D30300C2F3B0 /* MemoriesWidgetExtension.entitlements */ = {isa = PBXFileReference; lastKnownFileType = text.plist.entitlements; path = MemoriesWidgetExtension.entitlements; sourceTree = "<group>"; };
		E402A3812A05D3A400C2F3B0 /* Helper.swift */ = {isa = PBXFileReference; lastKnownFileType = sourcecode.swift; path = Helper.swift; sourceTree = "<group>"; };
		E42106B32A0ECB5300187A74 /* Activity.framework */ = {isa = PBXFileReference; explicitFileType = wrapper.framework; includeInIndex = 0; path = Activity.framework; sourceTree = BUILT_PRODUCTS_DIR; };
		E42106B52A0ECB5300187A74 /* Activity.h */ = {isa = PBXFileReference; lastKnownFileType = sourcecode.c.h; path = Activity.h; sourceTree = "<group>"; };
		E42106BF2A0ECB6900187A74 /* Activity.swift */ = {isa = PBXFileReference; lastKnownFileType = sourcecode.swift; path = Activity.swift; sourceTree = "<group>"; };
		E4604FC22A05C6D100D838DF /* MemoriesWidgetView.swift */ = {isa = PBXFileReference; lastKnownFileType = sourcecode.swift; path = MemoriesWidgetView.swift; sourceTree = "<group>"; };
		E468D3FC2A0663E50017070A /* Analytics.swift */ = {isa = PBXFileReference; lastKnownFileType = sourcecode.swift; path = Analytics.swift; sourceTree = "<group>"; };
		E46FD4B42A0EA308000396EA /* WebView.swift */ = {isa = PBXFileReference; lastKnownFileType = sourcecode.swift; path = WebView.swift; sourceTree = "<group>"; };
		E48E097F2A05BF98002456E5 /* MemoriesWidgetExtension.appex */ = {isa = PBXFileReference; explicitFileType = "wrapper.app-extension"; includeInIndex = 0; path = MemoriesWidgetExtension.appex; sourceTree = BUILT_PRODUCTS_DIR; };
		E48E09812A05BF98002456E5 /* WidgetKit.framework */ = {isa = PBXFileReference; lastKnownFileType = wrapper.framework; name = WidgetKit.framework; path = System/Library/Frameworks/WidgetKit.framework; sourceTree = SDKROOT; };
		E48E09832A05BF98002456E5 /* SwiftUI.framework */ = {isa = PBXFileReference; lastKnownFileType = wrapper.framework; name = SwiftUI.framework; path = System/Library/Frameworks/SwiftUI.framework; sourceTree = SDKROOT; };
		E48E09862A05BF98002456E5 /* MemoriesWidgetBundle.swift */ = {isa = PBXFileReference; lastKnownFileType = sourcecode.swift; path = MemoriesWidgetBundle.swift; sourceTree = "<group>"; };
		E48E09882A05BF98002456E5 /* MemoriesWidget.swift */ = {isa = PBXFileReference; lastKnownFileType = sourcecode.swift; path = MemoriesWidget.swift; sourceTree = "<group>"; };
		E48E098A2A05BF99002456E5 /* Assets.xcassets */ = {isa = PBXFileReference; lastKnownFileType = folder.assetcatalog; path = Assets.xcassets; sourceTree = "<group>"; };
		E48E098C2A05BF99002456E5 /* Info.plist */ = {isa = PBXFileReference; lastKnownFileType = text.plist.xml; path = Info.plist; sourceTree = "<group>"; };
		E4E501B82A0E9A00009D4993 /* MemoriesHomeView.swift */ = {isa = PBXFileReference; lastKnownFileType = sourcecode.swift; path = MemoriesHomeView.swift; sourceTree = "<group>"; };
/* End PBXFileReference section */

/* Begin PBXFrameworksBuildPhase section */
		2DE590882A052D890041EA4D /* Frameworks */ = {
			isa = PBXFrameworksBuildPhase;
			buildActionMask = 2147483647;
			files = (
				41102DA3BC0DD1785A68E2C2 /* Pods_Memories.framework in Frameworks */,
				E42106B92A0ECB5300187A74 /* Activity.framework in Frameworks */,
			);
			runOnlyForDeploymentPostprocessing = 0;
		};
		2DE590982A052D8C0041EA4D /* Frameworks */ = {
			isa = PBXFrameworksBuildPhase;
			buildActionMask = 2147483647;
			files = (
				062E7A39B50E89641A2EF211 /* Pods_MemoriesTests.framework in Frameworks */,
			);
			runOnlyForDeploymentPostprocessing = 0;
		};
		2DE590A22A052D8C0041EA4D /* Frameworks */ = {
			isa = PBXFrameworksBuildPhase;
			buildActionMask = 2147483647;
			files = (
				62004F47876D7C3397744FAC /* Pods_Memories_MemoriesUITests.framework in Frameworks */,
			);
			runOnlyForDeploymentPostprocessing = 0;
		};
		E42106B02A0ECB5300187A74 /* Frameworks */ = {
			isa = PBXFrameworksBuildPhase;
			buildActionMask = 2147483647;
			files = (
			);
			runOnlyForDeploymentPostprocessing = 0;
		};
		E48E097C2A05BF98002456E5 /* Frameworks */ = {
			isa = PBXFrameworksBuildPhase;
			buildActionMask = 2147483647;
			files = (
				E48E09842A05BF98002456E5 /* SwiftUI.framework in Frameworks */,
				E48E09822A05BF98002456E5 /* WidgetKit.framework in Frameworks */,
				9819F9B6C8F55C94ECF040A8 /* Pods_MemoriesWidgetExtension.framework in Frameworks */,
				E42106C12A0ECBC900187A74 /* Activity.framework in Frameworks */,
			);
			runOnlyForDeploymentPostprocessing = 0;
		};
/* End PBXFrameworksBuildPhase section */

/* Begin PBXGroup section */
		2DE590822A052D890041EA4D = {
			isa = PBXGroup;
			children = (
				E402A3812A05D3A400C2F3B0 /* Helper.swift */,
				E468D3FC2A0663E50017070A /* Analytics.swift */,
				E402A3802A05D30300C2F3B0 /* MemoriesWidgetExtension.entitlements */,
				2DE5908D2A052D890041EA4D /* Memories */,
				2DE5909E2A052D8C0041EA4D /* MemoriesTests */,
				2DE590A82A052D8C0041EA4D /* MemoriesUITests */,
				E48E09852A05BF98002456E5 /* MemoriesWidget */,
				E42106B42A0ECB5300187A74 /* Activity */,
				E48E09802A05BF98002456E5 /* Frameworks */,
				2DE5908C2A052D890041EA4D /* Products */,
				9BA858D3438ECC40774040E1 /* Pods */,
			);
			sourceTree = "<group>";
		};
		2DE5908C2A052D890041EA4D /* Products */ = {
			isa = PBXGroup;
			children = (
				2DE5908B2A052D890041EA4D /* Memories.app */,
				2DE5909B2A052D8C0041EA4D /* MemoriesTests.xctest */,
				2DE590A52A052D8C0041EA4D /* MemoriesUITests.xctest */,
				E48E097F2A05BF98002456E5 /* MemoriesWidgetExtension.appex */,
				E42106B32A0ECB5300187A74 /* Activity.framework */,
			);
			name = Products;
			sourceTree = "<group>";
		};
		2DE5908D2A052D890041EA4D /* Memories */ = {
			isa = PBXGroup;
			children = (
				E402A37D2A05D27F00C2F3B0 /* Memories.entitlements */,
				2DE590BD2A053D9C0041EA4D /* StravaLoginView.swift */,
				2DE590BC2A053D9C0041EA4D /* StravaLoginViewModel.swift */,
				E4E501B82A0E9A00009D4993 /* MemoriesHomeView.swift */,
				E46FD4B42A0EA308000396EA /* WebView.swift */,
				2DE590BB2A053D710041EA4D /* Info.plist */,
				2DE5908E2A052D890041EA4D /* MemoriesApp.swift */,
				2DE590922A052D8B0041EA4D /* Assets.xcassets */,
				2DE590942A052D8B0041EA4D /* Preview Content */,
			);
			path = Memories;
			sourceTree = "<group>";
		};
		2DE590942A052D8B0041EA4D /* Preview Content */ = {
			isa = PBXGroup;
			children = (
				2DE590952A052D8B0041EA4D /* Preview Assets.xcassets */,
			);
			path = "Preview Content";
			sourceTree = "<group>";
		};
		2DE5909E2A052D8C0041EA4D /* MemoriesTests */ = {
			isa = PBXGroup;
			children = (
				2DE5909F2A052D8C0041EA4D /* MemoriesTests.swift */,
			);
			path = MemoriesTests;
			sourceTree = "<group>";
		};
		2DE590A82A052D8C0041EA4D /* MemoriesUITests */ = {
			isa = PBXGroup;
			children = (
				2DE590A92A052D8C0041EA4D /* MemoriesUITests.swift */,
				2DE590AB2A052D8C0041EA4D /* MemoriesUITestsLaunchTests.swift */,
			);
			path = MemoriesUITests;
			sourceTree = "<group>";
		};
		9BA858D3438ECC40774040E1 /* Pods */ = {
			isa = PBXGroup;
			children = (
				780B8DB719AEE79DEF13A098 /* Pods-Memories.debug.xcconfig */,
				3F21E04C60208C2B27828C60 /* Pods-Memories.release.xcconfig */,
				A96CC0E27063C9B676826DFA /* Pods-Memories-MemoriesUITests.debug.xcconfig */,
				0EF27686CADC2A5869494D65 /* Pods-Memories-MemoriesUITests.release.xcconfig */,
				22EF4430BF0FDEFE910DA20D /* Pods-MemoriesTests.debug.xcconfig */,
				07E3BB9027356AC089952719 /* Pods-MemoriesTests.release.xcconfig */,
				A8DA50D702C66157718FF28F /* Pods-MemoriesWidgetExtension.debug.xcconfig */,
				9E40D207A97937C1AF274B60 /* Pods-MemoriesWidgetExtension.release.xcconfig */,
			);
			path = Pods;
			sourceTree = "<group>";
		};
		E42106B42A0ECB5300187A74 /* Activity */ = {
			isa = PBXGroup;
			children = (
				E42106B52A0ECB5300187A74 /* Activity.h */,
				E42106BF2A0ECB6900187A74 /* Activity.swift */,
			);
			path = Activity;
			sourceTree = "<group>";
		};
		E48E09802A05BF98002456E5 /* Frameworks */ = {
			isa = PBXGroup;
			children = (
				E48E09812A05BF98002456E5 /* WidgetKit.framework */,
				E48E09832A05BF98002456E5 /* SwiftUI.framework */,
				293FD508FFFD40CE0B7C701E /* Pods_Memories.framework */,
				CA53BCAF75954410F900601E /* Pods_Memories_MemoriesUITests.framework */,
				7282850D0C4F811554D92B9E /* Pods_MemoriesTests.framework */,
				1594DDC791C60CB48C1C5A36 /* Pods_MemoriesWidgetExtension.framework */,
			);
			name = Frameworks;
			sourceTree = "<group>";
		};
		E48E09852A05BF98002456E5 /* MemoriesWidget */ = {
			isa = PBXGroup;
			children = (
				E48E09862A05BF98002456E5 /* MemoriesWidgetBundle.swift */,
				E48E09882A05BF98002456E5 /* MemoriesWidget.swift */,
				E4604FC22A05C6D100D838DF /* MemoriesWidgetView.swift */,
				E48E098A2A05BF99002456E5 /* Assets.xcassets */,
				E48E098C2A05BF99002456E5 /* Info.plist */,
			);
			path = MemoriesWidget;
			sourceTree = "<group>";
		};
/* End PBXGroup section */

/* Begin PBXHeadersBuildPhase section */
		E42106AE2A0ECB5300187A74 /* Headers */ = {
			isa = PBXHeadersBuildPhase;
			buildActionMask = 2147483647;
			files = (
				E42106B62A0ECB5300187A74 /* Activity.h in Headers */,
			);
			runOnlyForDeploymentPostprocessing = 0;
		};
/* End PBXHeadersBuildPhase section */

/* Begin PBXNativeTarget section */
		2DE5908A2A052D890041EA4D /* Memories */ = {
			isa = PBXNativeTarget;
			buildConfigurationList = 2DE590AF2A052D8C0041EA4D /* Build configuration list for PBXNativeTarget "Memories" */;
			buildPhases = (
				75862A5944F9D8DC23923764 /* [CP] Check Pods Manifest.lock */,
				2DE590872A052D890041EA4D /* Sources */,
				2DE590882A052D890041EA4D /* Frameworks */,
				2DE590892A052D890041EA4D /* Resources */,
				E48E09902A05BF99002456E5 /* Embed Foundation Extensions */,
				91F5FD3AE59AE30155C539A6 /* [CP] Embed Pods Frameworks */,
				E42106BB2A0ECB5300187A74 /* Embed Frameworks */,
			);
			buildRules = (
			);
			dependencies = (
				E48E098E2A05BF99002456E5 /* PBXTargetDependency */,
				E42106B82A0ECB5300187A74 /* PBXTargetDependency */,
			);
			name = Memories;
			productName = Memories;
			productReference = 2DE5908B2A052D890041EA4D /* Memories.app */;
			productType = "com.apple.product-type.application";
		};
		2DE5909A2A052D8C0041EA4D /* MemoriesTests */ = {
			isa = PBXNativeTarget;
			buildConfigurationList = 2DE590B22A052D8C0041EA4D /* Build configuration list for PBXNativeTarget "MemoriesTests" */;
			buildPhases = (
				AA7958CD5F1036B551C2A779 /* [CP] Check Pods Manifest.lock */,
				2DE590972A052D8C0041EA4D /* Sources */,
				2DE590982A052D8C0041EA4D /* Frameworks */,
				2DE590992A052D8C0041EA4D /* Resources */,
			);
			buildRules = (
			);
			dependencies = (
				2DE5909D2A052D8C0041EA4D /* PBXTargetDependency */,
			);
			name = MemoriesTests;
			productName = MemoriesTests;
			productReference = 2DE5909B2A052D8C0041EA4D /* MemoriesTests.xctest */;
			productType = "com.apple.product-type.bundle.unit-test";
		};
		2DE590A42A052D8C0041EA4D /* MemoriesUITests */ = {
			isa = PBXNativeTarget;
			buildConfigurationList = 2DE590B52A052D8C0041EA4D /* Build configuration list for PBXNativeTarget "MemoriesUITests" */;
			buildPhases = (
				D675ECE0986D9CE13AD3C029 /* [CP] Check Pods Manifest.lock */,
				2DE590A12A052D8C0041EA4D /* Sources */,
				2DE590A22A052D8C0041EA4D /* Frameworks */,
				2DE590A32A052D8C0041EA4D /* Resources */,
				E9FA13DA211E7E3716DF6DB6 /* [CP] Embed Pods Frameworks */,
			);
			buildRules = (
			);
			dependencies = (
				2DE590A72A052D8C0041EA4D /* PBXTargetDependency */,
			);
			name = MemoriesUITests;
			productName = MemoriesUITests;
			productReference = 2DE590A52A052D8C0041EA4D /* MemoriesUITests.xctest */;
			productType = "com.apple.product-type.bundle.ui-testing";
		};
		E42106B22A0ECB5300187A74 /* Activity */ = {
			isa = PBXNativeTarget;
			buildConfigurationList = E42106BE2A0ECB5300187A74 /* Build configuration list for PBXNativeTarget "Activity" */;
			buildPhases = (
				E42106AE2A0ECB5300187A74 /* Headers */,
				E42106AF2A0ECB5300187A74 /* Sources */,
				E42106B02A0ECB5300187A74 /* Frameworks */,
				E42106B12A0ECB5300187A74 /* Resources */,
			);
			buildRules = (
			);
			dependencies = (
			);
			name = Activity;
			productName = Activity;
			productReference = E42106B32A0ECB5300187A74 /* Activity.framework */;
			productType = "com.apple.product-type.framework";
		};
		E48E097E2A05BF98002456E5 /* MemoriesWidgetExtension */ = {
			isa = PBXNativeTarget;
			buildConfigurationList = E48E09932A05BF99002456E5 /* Build configuration list for PBXNativeTarget "MemoriesWidgetExtension" */;
			buildPhases = (
				C7E3110F191A587686BE92BF /* [CP] Check Pods Manifest.lock */,
				E48E097B2A05BF98002456E5 /* Sources */,
				E48E097C2A05BF98002456E5 /* Frameworks */,
				E48E097D2A05BF98002456E5 /* Resources */,
				E42106C52A0ECBC900187A74 /* Embed Frameworks */,
			);
			buildRules = (
			);
			dependencies = (
				E42106C42A0ECBC900187A74 /* PBXTargetDependency */,
			);
			name = MemoriesWidgetExtension;
			productName = MemoriesWidgetExtension;
			productReference = E48E097F2A05BF98002456E5 /* MemoriesWidgetExtension.appex */;
			productType = "com.apple.product-type.app-extension";
		};
/* End PBXNativeTarget section */

/* Begin PBXProject section */
		2DE590832A052D890041EA4D /* Project object */ = {
			isa = PBXProject;
			attributes = {
				BuildIndependentTargetsInParallel = 1;
				LastSwiftUpdateCheck = 1430;
				LastUpgradeCheck = 1430;
				TargetAttributes = {
					2DE5908A2A052D890041EA4D = {
						CreatedOnToolsVersion = 14.3;
					};
					2DE5909A2A052D8C0041EA4D = {
						CreatedOnToolsVersion = 14.3;
						TestTargetID = 2DE5908A2A052D890041EA4D;
					};
					2DE590A42A052D8C0041EA4D = {
						CreatedOnToolsVersion = 14.3;
						TestTargetID = 2DE5908A2A052D890041EA4D;
					};
					E42106B22A0ECB5300187A74 = {
						CreatedOnToolsVersion = 14.3;
						LastSwiftMigration = 1430;
					};
					E48E097E2A05BF98002456E5 = {
						CreatedOnToolsVersion = 14.3;
					};
				};
			};
			buildConfigurationList = 2DE590862A052D890041EA4D /* Build configuration list for PBXProject "Memories" */;
			compatibilityVersion = "Xcode 14.0";
			developmentRegion = en;
			hasScannedForEncodings = 0;
			knownRegions = (
				en,
				Base,
			);
			mainGroup = 2DE590822A052D890041EA4D;
			productRefGroup = 2DE5908C2A052D890041EA4D /* Products */;
			projectDirPath = "";
			projectRoot = "";
			targets = (
				2DE5908A2A052D890041EA4D /* Memories */,
				2DE5909A2A052D8C0041EA4D /* MemoriesTests */,
				2DE590A42A052D8C0041EA4D /* MemoriesUITests */,
				E48E097E2A05BF98002456E5 /* MemoriesWidgetExtension */,
				E42106B22A0ECB5300187A74 /* Activity */,
			);
		};
/* End PBXProject section */

/* Begin PBXResourcesBuildPhase section */
		2DE590892A052D890041EA4D /* Resources */ = {
			isa = PBXResourcesBuildPhase;
			buildActionMask = 2147483647;
			files = (
				2DE590962A052D8B0041EA4D /* Preview Assets.xcassets in Resources */,
				2DE590932A052D8B0041EA4D /* Assets.xcassets in Resources */,
			);
			runOnlyForDeploymentPostprocessing = 0;
		};
		2DE590992A052D8C0041EA4D /* Resources */ = {
			isa = PBXResourcesBuildPhase;
			buildActionMask = 2147483647;
			files = (
			);
			runOnlyForDeploymentPostprocessing = 0;
		};
		2DE590A32A052D8C0041EA4D /* Resources */ = {
			isa = PBXResourcesBuildPhase;
			buildActionMask = 2147483647;
			files = (
			);
			runOnlyForDeploymentPostprocessing = 0;
		};
		E42106B12A0ECB5300187A74 /* Resources */ = {
			isa = PBXResourcesBuildPhase;
			buildActionMask = 2147483647;
			files = (
			);
			runOnlyForDeploymentPostprocessing = 0;
		};
		E48E097D2A05BF98002456E5 /* Resources */ = {
			isa = PBXResourcesBuildPhase;
			buildActionMask = 2147483647;
			files = (
				E48E098B2A05BF99002456E5 /* Assets.xcassets in Resources */,
			);
			runOnlyForDeploymentPostprocessing = 0;
		};
/* End PBXResourcesBuildPhase section */

/* Begin PBXShellScriptBuildPhase section */
		75862A5944F9D8DC23923764 /* [CP] Check Pods Manifest.lock */ = {
			isa = PBXShellScriptBuildPhase;
			buildActionMask = 2147483647;
			files = (
			);
			inputFileListPaths = (
			);
			inputPaths = (
				"${PODS_PODFILE_DIR_PATH}/Podfile.lock",
				"${PODS_ROOT}/Manifest.lock",
			);
			name = "[CP] Check Pods Manifest.lock";
			outputFileListPaths = (
			);
			outputPaths = (
				"$(DERIVED_FILE_DIR)/Pods-Memories-checkManifestLockResult.txt",
			);
			runOnlyForDeploymentPostprocessing = 0;
			shellPath = /bin/sh;
			shellScript = "diff \"${PODS_PODFILE_DIR_PATH}/Podfile.lock\" \"${PODS_ROOT}/Manifest.lock\" > /dev/null\nif [ $? != 0 ] ; then\n    # print error to STDERR\n    echo \"error: The sandbox is not in sync with the Podfile.lock. Run 'pod install' or update your CocoaPods installation.\" >&2\n    exit 1\nfi\n# This output is used by Xcode 'outputs' to avoid re-running this script phase.\necho \"SUCCESS\" > \"${SCRIPT_OUTPUT_FILE_0}\"\n";
			showEnvVarsInLog = 0;
		};
		91F5FD3AE59AE30155C539A6 /* [CP] Embed Pods Frameworks */ = {
			isa = PBXShellScriptBuildPhase;
			buildActionMask = 2147483647;
			files = (
			);
			inputFileListPaths = (
				"${PODS_ROOT}/Target Support Files/Pods-Memories/Pods-Memories-frameworks-${CONFIGURATION}-input-files.xcfilelist",
			);
			name = "[CP] Embed Pods Frameworks";
			outputFileListPaths = (
				"${PODS_ROOT}/Target Support Files/Pods-Memories/Pods-Memories-frameworks-${CONFIGURATION}-output-files.xcfilelist",
			);
			runOnlyForDeploymentPostprocessing = 0;
			shellPath = /bin/sh;
			shellScript = "\"${PODS_ROOT}/Target Support Files/Pods-Memories/Pods-Memories-frameworks.sh\"\n";
			showEnvVarsInLog = 0;
		};
		AA7958CD5F1036B551C2A779 /* [CP] Check Pods Manifest.lock */ = {
			isa = PBXShellScriptBuildPhase;
			buildActionMask = 2147483647;
			files = (
			);
			inputFileListPaths = (
			);
			inputPaths = (
				"${PODS_PODFILE_DIR_PATH}/Podfile.lock",
				"${PODS_ROOT}/Manifest.lock",
			);
			name = "[CP] Check Pods Manifest.lock";
			outputFileListPaths = (
			);
			outputPaths = (
				"$(DERIVED_FILE_DIR)/Pods-MemoriesTests-checkManifestLockResult.txt",
			);
			runOnlyForDeploymentPostprocessing = 0;
			shellPath = /bin/sh;
			shellScript = "diff \"${PODS_PODFILE_DIR_PATH}/Podfile.lock\" \"${PODS_ROOT}/Manifest.lock\" > /dev/null\nif [ $? != 0 ] ; then\n    # print error to STDERR\n    echo \"error: The sandbox is not in sync with the Podfile.lock. Run 'pod install' or update your CocoaPods installation.\" >&2\n    exit 1\nfi\n# This output is used by Xcode 'outputs' to avoid re-running this script phase.\necho \"SUCCESS\" > \"${SCRIPT_OUTPUT_FILE_0}\"\n";
			showEnvVarsInLog = 0;
		};
		C7E3110F191A587686BE92BF /* [CP] Check Pods Manifest.lock */ = {
			isa = PBXShellScriptBuildPhase;
			buildActionMask = 2147483647;
			files = (
			);
			inputFileListPaths = (
			);
			inputPaths = (
				"${PODS_PODFILE_DIR_PATH}/Podfile.lock",
				"${PODS_ROOT}/Manifest.lock",
			);
			name = "[CP] Check Pods Manifest.lock";
			outputFileListPaths = (
			);
			outputPaths = (
				"$(DERIVED_FILE_DIR)/Pods-MemoriesWidgetExtension-checkManifestLockResult.txt",
			);
			runOnlyForDeploymentPostprocessing = 0;
			shellPath = /bin/sh;
			shellScript = "diff \"${PODS_PODFILE_DIR_PATH}/Podfile.lock\" \"${PODS_ROOT}/Manifest.lock\" > /dev/null\nif [ $? != 0 ] ; then\n    # print error to STDERR\n    echo \"error: The sandbox is not in sync with the Podfile.lock. Run 'pod install' or update your CocoaPods installation.\" >&2\n    exit 1\nfi\n# This output is used by Xcode 'outputs' to avoid re-running this script phase.\necho \"SUCCESS\" > \"${SCRIPT_OUTPUT_FILE_0}\"\n";
			showEnvVarsInLog = 0;
		};
		D675ECE0986D9CE13AD3C029 /* [CP] Check Pods Manifest.lock */ = {
			isa = PBXShellScriptBuildPhase;
			buildActionMask = 2147483647;
			files = (
			);
			inputFileListPaths = (
			);
			inputPaths = (
				"${PODS_PODFILE_DIR_PATH}/Podfile.lock",
				"${PODS_ROOT}/Manifest.lock",
			);
			name = "[CP] Check Pods Manifest.lock";
			outputFileListPaths = (
			);
			outputPaths = (
				"$(DERIVED_FILE_DIR)/Pods-Memories-MemoriesUITests-checkManifestLockResult.txt",
			);
			runOnlyForDeploymentPostprocessing = 0;
			shellPath = /bin/sh;
			shellScript = "diff \"${PODS_PODFILE_DIR_PATH}/Podfile.lock\" \"${PODS_ROOT}/Manifest.lock\" > /dev/null\nif [ $? != 0 ] ; then\n    # print error to STDERR\n    echo \"error: The sandbox is not in sync with the Podfile.lock. Run 'pod install' or update your CocoaPods installation.\" >&2\n    exit 1\nfi\n# This output is used by Xcode 'outputs' to avoid re-running this script phase.\necho \"SUCCESS\" > \"${SCRIPT_OUTPUT_FILE_0}\"\n";
			showEnvVarsInLog = 0;
		};
		E9FA13DA211E7E3716DF6DB6 /* [CP] Embed Pods Frameworks */ = {
			isa = PBXShellScriptBuildPhase;
			buildActionMask = 2147483647;
			files = (
			);
			inputFileListPaths = (
				"${PODS_ROOT}/Target Support Files/Pods-Memories-MemoriesUITests/Pods-Memories-MemoriesUITests-frameworks-${CONFIGURATION}-input-files.xcfilelist",
			);
			name = "[CP] Embed Pods Frameworks";
			outputFileListPaths = (
				"${PODS_ROOT}/Target Support Files/Pods-Memories-MemoriesUITests/Pods-Memories-MemoriesUITests-frameworks-${CONFIGURATION}-output-files.xcfilelist",
			);
			runOnlyForDeploymentPostprocessing = 0;
			shellPath = /bin/sh;
			shellScript = "\"${PODS_ROOT}/Target Support Files/Pods-Memories-MemoriesUITests/Pods-Memories-MemoriesUITests-frameworks.sh\"\n";
			showEnvVarsInLog = 0;
		};
/* End PBXShellScriptBuildPhase section */

/* Begin PBXSourcesBuildPhase section */
		2DE590872A052D890041EA4D /* Sources */ = {
			isa = PBXSourcesBuildPhase;
			buildActionMask = 2147483647;
			files = (
				E4604FC12A05C55100D838DF /* MemoriesWidget.swift in Sources */,
				E468D3FD2A0663E50017070A /* Analytics.swift in Sources */,
				2DE590BF2A053D9C0041EA4D /* StravaLoginView.swift in Sources */,
				E4604FC42A05C98800D838DF /* MemoriesWidgetView.swift in Sources */,
				2DE590BE2A053D9C0041EA4D /* StravaLoginViewModel.swift in Sources */,
				E48E099B2A05C2E6002456E5 /* MemoriesApp.swift in Sources */,
				E46FD4B52A0EA308000396EA /* WebView.swift in Sources */,
				E4E501B92A0E9A00009D4993 /* MemoriesHomeView.swift in Sources */,
				E402A3822A05D3A400C2F3B0 /* Helper.swift in Sources */,
			);
			runOnlyForDeploymentPostprocessing = 0;
		};
		2DE590972A052D8C0041EA4D /* Sources */ = {
			isa = PBXSourcesBuildPhase;
			buildActionMask = 2147483647;
			files = (
				2DE590A02A052D8C0041EA4D /* MemoriesTests.swift in Sources */,
			);
			runOnlyForDeploymentPostprocessing = 0;
		};
		2DE590A12A052D8C0041EA4D /* Sources */ = {
			isa = PBXSourcesBuildPhase;
			buildActionMask = 2147483647;
			files = (
				2DE590AC2A052D8C0041EA4D /* MemoriesUITestsLaunchTests.swift in Sources */,
				2DE590AA2A052D8C0041EA4D /* MemoriesUITests.swift in Sources */,
			);
			runOnlyForDeploymentPostprocessing = 0;
		};
		E42106AF2A0ECB5300187A74 /* Sources */ = {
			isa = PBXSourcesBuildPhase;
			buildActionMask = 2147483647;
			files = (
				E42106C02A0ECB6900187A74 /* Activity.swift in Sources */,
			);
			runOnlyForDeploymentPostprocessing = 0;
		};
		E48E097B2A05BF98002456E5 /* Sources */ = {
			isa = PBXSourcesBuildPhase;
			buildActionMask = 2147483647;
			files = (
				E4604FC32A05C6D100D838DF /* MemoriesWidgetView.swift in Sources */,
				E48E09892A05BF98002456E5 /* MemoriesWidget.swift in Sources */,
				E48E09872A05BF98002456E5 /* MemoriesWidgetBundle.swift in Sources */,
				E402A3832A05D46800C2F3B0 /* Helper.swift in Sources */,
			);
			runOnlyForDeploymentPostprocessing = 0;
		};
/* End PBXSourcesBuildPhase section */

/* Begin PBXTargetDependency section */
		2DE5909D2A052D8C0041EA4D /* PBXTargetDependency */ = {
			isa = PBXTargetDependency;
			target = 2DE5908A2A052D890041EA4D /* Memories */;
			targetProxy = 2DE5909C2A052D8C0041EA4D /* PBXContainerItemProxy */;
		};
		2DE590A72A052D8C0041EA4D /* PBXTargetDependency */ = {
			isa = PBXTargetDependency;
			target = 2DE5908A2A052D890041EA4D /* Memories */;
			targetProxy = 2DE590A62A052D8C0041EA4D /* PBXContainerItemProxy */;
		};
		E42106B82A0ECB5300187A74 /* PBXTargetDependency */ = {
			isa = PBXTargetDependency;
			target = E42106B22A0ECB5300187A74 /* Activity */;
			targetProxy = E42106B72A0ECB5300187A74 /* PBXContainerItemProxy */;
		};
		E42106C42A0ECBC900187A74 /* PBXTargetDependency */ = {
			isa = PBXTargetDependency;
			target = E42106B22A0ECB5300187A74 /* Activity */;
			targetProxy = E42106C32A0ECBC900187A74 /* PBXContainerItemProxy */;
		};
		E48E098E2A05BF99002456E5 /* PBXTargetDependency */ = {
			isa = PBXTargetDependency;
			target = E48E097E2A05BF98002456E5 /* MemoriesWidgetExtension */;
			targetProxy = E48E098D2A05BF99002456E5 /* PBXContainerItemProxy */;
		};
/* End PBXTargetDependency section */

/* Begin XCBuildConfiguration section */
		2DE590AD2A052D8C0041EA4D /* Debug */ = {
			isa = XCBuildConfiguration;
			buildSettings = {
				ALWAYS_SEARCH_USER_PATHS = NO;
				CLANG_ANALYZER_NONNULL = YES;
				CLANG_ANALYZER_NUMBER_OBJECT_CONVERSION = YES_AGGRESSIVE;
				CLANG_CXX_LANGUAGE_STANDARD = "gnu++20";
				CLANG_ENABLE_MODULES = YES;
				CLANG_ENABLE_OBJC_ARC = YES;
				CLANG_ENABLE_OBJC_WEAK = YES;
				CLANG_WARN_BLOCK_CAPTURE_AUTORELEASING = YES;
				CLANG_WARN_BOOL_CONVERSION = YES;
				CLANG_WARN_COMMA = YES;
				CLANG_WARN_CONSTANT_CONVERSION = YES;
				CLANG_WARN_DEPRECATED_OBJC_IMPLEMENTATIONS = YES;
				CLANG_WARN_DIRECT_OBJC_ISA_USAGE = YES_ERROR;
				CLANG_WARN_DOCUMENTATION_COMMENTS = YES;
				CLANG_WARN_EMPTY_BODY = YES;
				CLANG_WARN_ENUM_CONVERSION = YES;
				CLANG_WARN_INFINITE_RECURSION = YES;
				CLANG_WARN_INT_CONVERSION = YES;
				CLANG_WARN_NON_LITERAL_NULL_CONVERSION = YES;
				CLANG_WARN_OBJC_IMPLICIT_RETAIN_SELF = YES;
				CLANG_WARN_OBJC_LITERAL_CONVERSION = YES;
				CLANG_WARN_OBJC_ROOT_CLASS = YES_ERROR;
				CLANG_WARN_QUOTED_INCLUDE_IN_FRAMEWORK_HEADER = YES;
				CLANG_WARN_RANGE_LOOP_ANALYSIS = YES;
				CLANG_WARN_STRICT_PROTOTYPES = YES;
				CLANG_WARN_SUSPICIOUS_MOVE = YES;
				CLANG_WARN_UNGUARDED_AVAILABILITY = YES_AGGRESSIVE;
				CLANG_WARN_UNREACHABLE_CODE = YES;
				CLANG_WARN__DUPLICATE_METHOD_MATCH = YES;
				COPY_PHASE_STRIP = NO;
				DEBUG_INFORMATION_FORMAT = dwarf;
				ENABLE_STRICT_OBJC_MSGSEND = YES;
				ENABLE_TESTABILITY = YES;
				GCC_C_LANGUAGE_STANDARD = gnu11;
				GCC_DYNAMIC_NO_PIC = NO;
				GCC_NO_COMMON_BLOCKS = YES;
				GCC_OPTIMIZATION_LEVEL = 0;
				GCC_PREPROCESSOR_DEFINITIONS = (
					"DEBUG=1",
					"$(inherited)",
				);
				GCC_WARN_64_TO_32_BIT_CONVERSION = YES;
				GCC_WARN_ABOUT_RETURN_TYPE = YES_ERROR;
				GCC_WARN_UNDECLARED_SELECTOR = YES;
				GCC_WARN_UNINITIALIZED_AUTOS = YES_AGGRESSIVE;
				GCC_WARN_UNUSED_FUNCTION = YES;
				GCC_WARN_UNUSED_VARIABLE = YES;
				IPHONEOS_DEPLOYMENT_TARGET = 15.0;
				MTL_ENABLE_DEBUG_INFO = INCLUDE_SOURCE;
				MTL_FAST_MATH = YES;
				ONLY_ACTIVE_ARCH = YES;
				SDKROOT = iphoneos;
				SWIFT_ACTIVE_COMPILATION_CONDITIONS = DEBUG;
				SWIFT_OPTIMIZATION_LEVEL = "-Onone";
			};
			name = Debug;
		};
		2DE590AE2A052D8C0041EA4D /* Release */ = {
			isa = XCBuildConfiguration;
			buildSettings = {
				ALWAYS_SEARCH_USER_PATHS = NO;
				CLANG_ANALYZER_NONNULL = YES;
				CLANG_ANALYZER_NUMBER_OBJECT_CONVERSION = YES_AGGRESSIVE;
				CLANG_CXX_LANGUAGE_STANDARD = "gnu++20";
				CLANG_ENABLE_MODULES = YES;
				CLANG_ENABLE_OBJC_ARC = YES;
				CLANG_ENABLE_OBJC_WEAK = YES;
				CLANG_WARN_BLOCK_CAPTURE_AUTORELEASING = YES;
				CLANG_WARN_BOOL_CONVERSION = YES;
				CLANG_WARN_COMMA = YES;
				CLANG_WARN_CONSTANT_CONVERSION = YES;
				CLANG_WARN_DEPRECATED_OBJC_IMPLEMENTATIONS = YES;
				CLANG_WARN_DIRECT_OBJC_ISA_USAGE = YES_ERROR;
				CLANG_WARN_DOCUMENTATION_COMMENTS = YES;
				CLANG_WARN_EMPTY_BODY = YES;
				CLANG_WARN_ENUM_CONVERSION = YES;
				CLANG_WARN_INFINITE_RECURSION = YES;
				CLANG_WARN_INT_CONVERSION = YES;
				CLANG_WARN_NON_LITERAL_NULL_CONVERSION = YES;
				CLANG_WARN_OBJC_IMPLICIT_RETAIN_SELF = YES;
				CLANG_WARN_OBJC_LITERAL_CONVERSION = YES;
				CLANG_WARN_OBJC_ROOT_CLASS = YES_ERROR;
				CLANG_WARN_QUOTED_INCLUDE_IN_FRAMEWORK_HEADER = YES;
				CLANG_WARN_RANGE_LOOP_ANALYSIS = YES;
				CLANG_WARN_STRICT_PROTOTYPES = YES;
				CLANG_WARN_SUSPICIOUS_MOVE = YES;
				CLANG_WARN_UNGUARDED_AVAILABILITY = YES_AGGRESSIVE;
				CLANG_WARN_UNREACHABLE_CODE = YES;
				CLANG_WARN__DUPLICATE_METHOD_MATCH = YES;
				COPY_PHASE_STRIP = NO;
				DEBUG_INFORMATION_FORMAT = "dwarf-with-dsym";
				ENABLE_NS_ASSERTIONS = NO;
				ENABLE_STRICT_OBJC_MSGSEND = YES;
				GCC_C_LANGUAGE_STANDARD = gnu11;
				GCC_NO_COMMON_BLOCKS = YES;
				GCC_WARN_64_TO_32_BIT_CONVERSION = YES;
				GCC_WARN_ABOUT_RETURN_TYPE = YES_ERROR;
				GCC_WARN_UNDECLARED_SELECTOR = YES;
				GCC_WARN_UNINITIALIZED_AUTOS = YES_AGGRESSIVE;
				GCC_WARN_UNUSED_FUNCTION = YES;
				GCC_WARN_UNUSED_VARIABLE = YES;
				IPHONEOS_DEPLOYMENT_TARGET = 15.0;
				MTL_ENABLE_DEBUG_INFO = NO;
				MTL_FAST_MATH = YES;
				SDKROOT = iphoneos;
				SWIFT_COMPILATION_MODE = wholemodule;
				SWIFT_OPTIMIZATION_LEVEL = "-O";
				VALIDATE_PRODUCT = YES;
			};
			name = Release;
		};
		2DE590B02A052D8C0041EA4D /* Debug */ = {
			isa = XCBuildConfiguration;
			baseConfigurationReference = 780B8DB719AEE79DEF13A098 /* Pods-Memories.debug.xcconfig */;
			buildSettings = {
				ALWAYS_EMBED_SWIFT_STANDARD_LIBRARIES = YES;
				ASSETCATALOG_COMPILER_APPICON_NAME = AppIcon;
				ASSETCATALOG_COMPILER_GLOBAL_ACCENT_COLOR_NAME = AccentColor;
				CODE_SIGN_ENTITLEMENTS = Memories/Memories.entitlements;
				CODE_SIGN_STYLE = Automatic;
				CURRENT_PROJECT_VERSION = 1;
				DEVELOPMENT_ASSET_PATHS = "\"Memories/Preview Content\"";
				DEVELOPMENT_TEAM = YPP2B773SY;
				ENABLE_PREVIEWS = YES;
				GENERATE_INFOPLIST_FILE = YES;
				INFOPLIST_FILE = Memories/Info.plist;
				INFOPLIST_KEY_CFBundleDisplayName = Memories;
				INFOPLIST_KEY_LSApplicationCategoryType = "public.app-category.sports";
				INFOPLIST_KEY_UIApplicationSceneManifest_Generation = YES;
				INFOPLIST_KEY_UIApplicationSupportsIndirectInputEvents = YES;
				INFOPLIST_KEY_UILaunchScreen_Generation = YES;
				INFOPLIST_KEY_UISupportedInterfaceOrientations = UIInterfaceOrientationPortrait;
				IPHONEOS_DEPLOYMENT_TARGET = 15.0;
				LD_RUNPATH_SEARCH_PATHS = (
					"$(inherited)",
					"@executable_path/Frameworks",
				);
				MARKETING_VERSION = 1.0;
				PRODUCT_BUNDLE_IDENTIFIER = ikigai.Memories;
				PRODUCT_NAME = "$(TARGET_NAME)";
				SWIFT_EMIT_LOC_STRINGS = YES;
				SWIFT_VERSION = 5.0;
				TARGETED_DEVICE_FAMILY = 1;
			};
			name = Debug;
		};
		2DE590B12A052D8C0041EA4D /* Release */ = {
			isa = XCBuildConfiguration;
			baseConfigurationReference = 3F21E04C60208C2B27828C60 /* Pods-Memories.release.xcconfig */;
			buildSettings = {
				ALWAYS_EMBED_SWIFT_STANDARD_LIBRARIES = YES;
				ASSETCATALOG_COMPILER_APPICON_NAME = AppIcon;
				ASSETCATALOG_COMPILER_GLOBAL_ACCENT_COLOR_NAME = AccentColor;
				CODE_SIGN_ENTITLEMENTS = Memories/Memories.entitlements;
				CODE_SIGN_STYLE = Automatic;
				CURRENT_PROJECT_VERSION = 1;
				DEVELOPMENT_ASSET_PATHS = "\"Memories/Preview Content\"";
				DEVELOPMENT_TEAM = YPP2B773SY;
				ENABLE_PREVIEWS = YES;
				GENERATE_INFOPLIST_FILE = YES;
				INFOPLIST_FILE = Memories/Info.plist;
				INFOPLIST_KEY_CFBundleDisplayName = Memories;
				INFOPLIST_KEY_LSApplicationCategoryType = "public.app-category.sports";
				INFOPLIST_KEY_UIApplicationSceneManifest_Generation = YES;
				INFOPLIST_KEY_UIApplicationSupportsIndirectInputEvents = YES;
				INFOPLIST_KEY_UILaunchScreen_Generation = YES;
				INFOPLIST_KEY_UISupportedInterfaceOrientations = UIInterfaceOrientationPortrait;
				IPHONEOS_DEPLOYMENT_TARGET = 15.0;
				LD_RUNPATH_SEARCH_PATHS = (
					"$(inherited)",
					"@executable_path/Frameworks",
				);
				MARKETING_VERSION = 1.0;
				PRODUCT_BUNDLE_IDENTIFIER = ikigai.Memories;
				PRODUCT_NAME = "$(TARGET_NAME)";
				SWIFT_EMIT_LOC_STRINGS = YES;
				SWIFT_VERSION = 5.0;
				TARGETED_DEVICE_FAMILY = 1;
			};
			name = Release;
		};
		2DE590B32A052D8C0041EA4D /* Debug */ = {
			isa = XCBuildConfiguration;
			baseConfigurationReference = 22EF4430BF0FDEFE910DA20D /* Pods-MemoriesTests.debug.xcconfig */;
			buildSettings = {
				ALWAYS_EMBED_SWIFT_STANDARD_LIBRARIES = YES;
				BUNDLE_LOADER = "$(TEST_HOST)";
				CODE_SIGN_STYLE = Automatic;
				CURRENT_PROJECT_VERSION = 1;
				DEVELOPMENT_TEAM = YPP2B773SY;
				GENERATE_INFOPLIST_FILE = YES;
				IPHONEOS_DEPLOYMENT_TARGET = 16.4;
				MARKETING_VERSION = 1.0;
				PRODUCT_BUNDLE_IDENTIFIER = ikigai.MemoriesTests;
				PRODUCT_NAME = "$(TARGET_NAME)";
				SWIFT_EMIT_LOC_STRINGS = NO;
				SWIFT_VERSION = 5.0;
				TARGETED_DEVICE_FAMILY = "1,2";
				TEST_HOST = "$(BUILT_PRODUCTS_DIR)/Memories.app/$(BUNDLE_EXECUTABLE_FOLDER_PATH)/Memories";
			};
			name = Debug;
		};
		2DE590B42A052D8C0041EA4D /* Release */ = {
			isa = XCBuildConfiguration;
			baseConfigurationReference = 07E3BB9027356AC089952719 /* Pods-MemoriesTests.release.xcconfig */;
			buildSettings = {
				ALWAYS_EMBED_SWIFT_STANDARD_LIBRARIES = YES;
				BUNDLE_LOADER = "$(TEST_HOST)";
				CODE_SIGN_STYLE = Automatic;
				CURRENT_PROJECT_VERSION = 1;
				DEVELOPMENT_TEAM = YPP2B773SY;
				GENERATE_INFOPLIST_FILE = YES;
				IPHONEOS_DEPLOYMENT_TARGET = 16.4;
				MARKETING_VERSION = 1.0;
				PRODUCT_BUNDLE_IDENTIFIER = ikigai.MemoriesTests;
				PRODUCT_NAME = "$(TARGET_NAME)";
				SWIFT_EMIT_LOC_STRINGS = NO;
				SWIFT_VERSION = 5.0;
				TARGETED_DEVICE_FAMILY = "1,2";
				TEST_HOST = "$(BUILT_PRODUCTS_DIR)/Memories.app/$(BUNDLE_EXECUTABLE_FOLDER_PATH)/Memories";
			};
			name = Release;
		};
		2DE590B62A052D8C0041EA4D /* Debug */ = {
			isa = XCBuildConfiguration;
			baseConfigurationReference = A96CC0E27063C9B676826DFA /* Pods-Memories-MemoriesUITests.debug.xcconfig */;
			buildSettings = {
				CODE_SIGN_STYLE = Automatic;
				CURRENT_PROJECT_VERSION = 1;
				DEVELOPMENT_TEAM = YPP2B773SY;
				GENERATE_INFOPLIST_FILE = YES;
				MARKETING_VERSION = 1.0;
				PRODUCT_BUNDLE_IDENTIFIER = ikigai.MemoriesUITests;
				PRODUCT_NAME = "$(TARGET_NAME)";
				SWIFT_EMIT_LOC_STRINGS = NO;
				SWIFT_VERSION = 5.0;
				TARGETED_DEVICE_FAMILY = "1,2";
				TEST_TARGET_NAME = Memories;
			};
			name = Debug;
		};
		2DE590B72A052D8C0041EA4D /* Release */ = {
			isa = XCBuildConfiguration;
			baseConfigurationReference = 0EF27686CADC2A5869494D65 /* Pods-Memories-MemoriesUITests.release.xcconfig */;
			buildSettings = {
				CODE_SIGN_STYLE = Automatic;
				CURRENT_PROJECT_VERSION = 1;
				DEVELOPMENT_TEAM = YPP2B773SY;
				GENERATE_INFOPLIST_FILE = YES;
				MARKETING_VERSION = 1.0;
				PRODUCT_BUNDLE_IDENTIFIER = ikigai.MemoriesUITests;
				PRODUCT_NAME = "$(TARGET_NAME)";
				SWIFT_EMIT_LOC_STRINGS = NO;
				SWIFT_VERSION = 5.0;
				TARGETED_DEVICE_FAMILY = "1,2";
				TEST_TARGET_NAME = Memories;
			};
			name = Release;
		};
		E42106BC2A0ECB5300187A74 /* Debug */ = {
			isa = XCBuildConfiguration;
			buildSettings = {
				CLANG_ENABLE_MODULES = YES;
				CODE_SIGN_STYLE = Automatic;
				CURRENT_PROJECT_VERSION = 1;
				DEFINES_MODULE = YES;
				DEVELOPMENT_TEAM = YPP2B773SY;
				DYLIB_COMPATIBILITY_VERSION = 1;
				DYLIB_CURRENT_VERSION = 1;
				DYLIB_INSTALL_NAME_BASE = "@rpath";
				ENABLE_MODULE_VERIFIER = YES;
				GENERATE_INFOPLIST_FILE = YES;
				INFOPLIST_KEY_NSHumanReadableCopyright = "";
				INSTALL_PATH = "$(LOCAL_LIBRARY_DIR)/Frameworks";
				IPHONEOS_DEPLOYMENT_TARGET = 15.0;
				LD_RUNPATH_SEARCH_PATHS = (
					"$(inherited)",
					"@executable_path/Frameworks",
					"@loader_path/Frameworks",
				);
				MARKETING_VERSION = 1.0;
				MODULE_VERIFIER_SUPPORTED_LANGUAGES = "objective-c objective-c++";
				MODULE_VERIFIER_SUPPORTED_LANGUAGE_STANDARDS = "gnu11 gnu++20";
				PRODUCT_BUNDLE_IDENTIFIER = ikigai.Activity;
				PRODUCT_NAME = "$(TARGET_NAME:c99extidentifier)";
				SKIP_INSTALL = YES;
				SWIFT_EMIT_LOC_STRINGS = YES;
				SWIFT_OPTIMIZATION_LEVEL = "-Onone";
				SWIFT_VERSION = 5.0;
				TARGETED_DEVICE_FAMILY = "1,2";
				VERSIONING_SYSTEM = "apple-generic";
				VERSION_INFO_PREFIX = "";
			};
			name = Debug;
		};
		E42106BD2A0ECB5300187A74 /* Release */ = {
			isa = XCBuildConfiguration;
			buildSettings = {
				CLANG_ENABLE_MODULES = YES;
				CODE_SIGN_STYLE = Automatic;
				CURRENT_PROJECT_VERSION = 1;
				DEFINES_MODULE = YES;
				DEVELOPMENT_TEAM = YPP2B773SY;
				DYLIB_COMPATIBILITY_VERSION = 1;
				DYLIB_CURRENT_VERSION = 1;
				DYLIB_INSTALL_NAME_BASE = "@rpath";
				ENABLE_MODULE_VERIFIER = YES;
				GENERATE_INFOPLIST_FILE = YES;
				INFOPLIST_KEY_NSHumanReadableCopyright = "";
				INSTALL_PATH = "$(LOCAL_LIBRARY_DIR)/Frameworks";
				IPHONEOS_DEPLOYMENT_TARGET = 15.0;
				LD_RUNPATH_SEARCH_PATHS = (
					"$(inherited)",
					"@executable_path/Frameworks",
					"@loader_path/Frameworks",
				);
				MARKETING_VERSION = 1.0;
				MODULE_VERIFIER_SUPPORTED_LANGUAGES = "objective-c objective-c++";
				MODULE_VERIFIER_SUPPORTED_LANGUAGE_STANDARDS = "gnu11 gnu++20";
				PRODUCT_BUNDLE_IDENTIFIER = ikigai.Activity;
				PRODUCT_NAME = "$(TARGET_NAME:c99extidentifier)";
				SKIP_INSTALL = YES;
				SWIFT_EMIT_LOC_STRINGS = YES;
				SWIFT_VERSION = 5.0;
				TARGETED_DEVICE_FAMILY = "1,2";
				VERSIONING_SYSTEM = "apple-generic";
				VERSION_INFO_PREFIX = "";
			};
			name = Release;
		};
		E48E09912A05BF99002456E5 /* Debug */ = {
			isa = XCBuildConfiguration;
			baseConfigurationReference = A8DA50D702C66157718FF28F /* Pods-MemoriesWidgetExtension.debug.xcconfig */;
			buildSettings = {
				ASSETCATALOG_COMPILER_GLOBAL_ACCENT_COLOR_NAME = AccentColor;
				ASSETCATALOG_COMPILER_WIDGET_BACKGROUND_COLOR_NAME = WidgetBackground;
				CODE_SIGN_ENTITLEMENTS = MemoriesWidgetExtension.entitlements;
				CODE_SIGN_STYLE = Automatic;
				CURRENT_PROJECT_VERSION = 1;
				DEVELOPMENT_TEAM = YPP2B773SY;
				GENERATE_INFOPLIST_FILE = YES;
				INFOPLIST_FILE = MemoriesWidget/Info.plist;
				INFOPLIST_KEY_CFBundleDisplayName = Memories;
				INFOPLIST_KEY_NSHumanReadableCopyright = "";
				IPHONEOS_DEPLOYMENT_TARGET = 15.0;
				LD_RUNPATH_SEARCH_PATHS = (
					"$(inherited)",
					"@executable_path/Frameworks",
					"@executable_path/../../Frameworks",
				);
				MARKETING_VERSION = 1.0;
				PRODUCT_BUNDLE_IDENTIFIER = ikigai.Memories.MemoriesWidget;
				PRODUCT_NAME = "$(TARGET_NAME)";
				SKIP_INSTALL = YES;
				SWIFT_EMIT_LOC_STRINGS = YES;
				SWIFT_VERSION = 5.0;
				TARGETED_DEVICE_FAMILY = 1;
			};
			name = Debug;
		};
		E48E09922A05BF99002456E5 /* Release */ = {
			isa = XCBuildConfiguration;
			baseConfigurationReference = 9E40D207A97937C1AF274B60 /* Pods-MemoriesWidgetExtension.release.xcconfig */;
			buildSettings = {
				ASSETCATALOG_COMPILER_GLOBAL_ACCENT_COLOR_NAME = AccentColor;
				ASSETCATALOG_COMPILER_WIDGET_BACKGROUND_COLOR_NAME = WidgetBackground;
				CODE_SIGN_ENTITLEMENTS = MemoriesWidgetExtension.entitlements;
				CODE_SIGN_STYLE = Automatic;
				CURRENT_PROJECT_VERSION = 1;
				DEVELOPMENT_TEAM = YPP2B773SY;
				GENERATE_INFOPLIST_FILE = YES;
				INFOPLIST_FILE = MemoriesWidget/Info.plist;
				INFOPLIST_KEY_CFBundleDisplayName = Memories;
				INFOPLIST_KEY_NSHumanReadableCopyright = "";
				IPHONEOS_DEPLOYMENT_TARGET = 15.0;
				LD_RUNPATH_SEARCH_PATHS = (
					"$(inherited)",
					"@executable_path/Frameworks",
					"@executable_path/../../Frameworks",
				);
				MARKETING_VERSION = 1.0;
				PRODUCT_BUNDLE_IDENTIFIER = ikigai.Memories.MemoriesWidget;
				PRODUCT_NAME = "$(TARGET_NAME)";
				SKIP_INSTALL = YES;
				SWIFT_EMIT_LOC_STRINGS = YES;
				SWIFT_VERSION = 5.0;
				TARGETED_DEVICE_FAMILY = 1;
			};
			name = Release;
		};
/* End XCBuildConfiguration section */

/* Begin XCConfigurationList section */
		2DE590862A052D890041EA4D /* Build configuration list for PBXProject "Memories" */ = {
			isa = XCConfigurationList;
			buildConfigurations = (
				2DE590AD2A052D8C0041EA4D /* Debug */,
				2DE590AE2A052D8C0041EA4D /* Release */,
			);
			defaultConfigurationIsVisible = 0;
			defaultConfigurationName = Release;
		};
		2DE590AF2A052D8C0041EA4D /* Build configuration list for PBXNativeTarget "Memories" */ = {
			isa = XCConfigurationList;
			buildConfigurations = (
				2DE590B02A052D8C0041EA4D /* Debug */,
				2DE590B12A052D8C0041EA4D /* Release */,
			);
			defaultConfigurationIsVisible = 0;
			defaultConfigurationName = Release;
		};
		2DE590B22A052D8C0041EA4D /* Build configuration list for PBXNativeTarget "MemoriesTests" */ = {
			isa = XCConfigurationList;
			buildConfigurations = (
				2DE590B32A052D8C0041EA4D /* Debug */,
				2DE590B42A052D8C0041EA4D /* Release */,
			);
			defaultConfigurationIsVisible = 0;
			defaultConfigurationName = Release;
		};
		2DE590B52A052D8C0041EA4D /* Build configuration list for PBXNativeTarget "MemoriesUITests" */ = {
			isa = XCConfigurationList;
			buildConfigurations = (
				2DE590B62A052D8C0041EA4D /* Debug */,
				2DE590B72A052D8C0041EA4D /* Release */,
			);
			defaultConfigurationIsVisible = 0;
			defaultConfigurationName = Release;
		};
		E42106BE2A0ECB5300187A74 /* Build configuration list for PBXNativeTarget "Activity" */ = {
			isa = XCConfigurationList;
			buildConfigurations = (
				E42106BC2A0ECB5300187A74 /* Debug */,
				E42106BD2A0ECB5300187A74 /* Release */,
			);
			defaultConfigurationIsVisible = 0;
			defaultConfigurationName = Release;
		};
		E48E09932A05BF99002456E5 /* Build configuration list for PBXNativeTarget "MemoriesWidgetExtension" */ = {
			isa = XCConfigurationList;
			buildConfigurations = (
				E48E09912A05BF99002456E5 /* Debug */,
				E48E09922A05BF99002456E5 /* Release */,
			);
			defaultConfigurationIsVisible = 0;
			defaultConfigurationName = Release;
		};
/* End XCConfigurationList section */
	};
	rootObject = 2DE590832A052D890041EA4D /* Project object */;
}
